// !$*UTF8*$!
{
	archiveVersion = 1;
	classes = {
	};
	objectVersion = 46;
	objects = {

/* Begin PBXBuildFile section */
		040B60AE20C4D22F0009ED9C /* Math4.txt in Resources */ = {isa = PBXBuildFile; fileRef = 040B60AD20C4D22E0009ED9C /* Math4.txt */; };
		0459362E20C12080003D1A6B /* MathDrawScene.swift in Sources */ = {isa = PBXBuildFile; fileRef = 0459362D20C12080003D1A6B /* MathDrawScene.swift */; };
		84004A8320AF3C3100761FB6 /* AppDelegate.swift in Sources */ = {isa = PBXBuildFile; fileRef = 84004A8220AF3C3100761FB6 /* AppDelegate.swift */; };
		84004A8520AF3C3100761FB6 /* GameScene.sks in Resources */ = {isa = PBXBuildFile; fileRef = 84004A8420AF3C3100761FB6 /* GameScene.sks */; };
		84004A8720AF3C3100761FB6 /* Actions.sks in Resources */ = {isa = PBXBuildFile; fileRef = 84004A8620AF3C3100761FB6 /* Actions.sks */; };
		84004A8920AF3C3100761FB6 /* GameScene.swift in Sources */ = {isa = PBXBuildFile; fileRef = 84004A8820AF3C3100761FB6 /* GameScene.swift */; };
		84004A8B20AF3C3100761FB6 /* GameViewController.swift in Sources */ = {isa = PBXBuildFile; fileRef = 84004A8A20AF3C3100761FB6 /* GameViewController.swift */; };
		84004A8E20AF3C3100761FB6 /* Main.storyboard in Resources */ = {isa = PBXBuildFile; fileRef = 84004A8C20AF3C3100761FB6 /* Main.storyboard */; };
		84004A9020AF3C3100761FB6 /* Assets.xcassets in Resources */ = {isa = PBXBuildFile; fileRef = 84004A8F20AF3C3100761FB6 /* Assets.xcassets */; };
		84004A9320AF3C3100761FB6 /* LaunchScreen.storyboard in Resources */ = {isa = PBXBuildFile; fileRef = 84004A9120AF3C3100761FB6 /* LaunchScreen.storyboard */; };
		84004A9E20AF3C3100761FB6 /* ScholarKidsTests.swift in Sources */ = {isa = PBXBuildFile; fileRef = 84004A9D20AF3C3100761FB6 /* ScholarKidsTests.swift */; };
		84004AA920AF3C3100761FB6 /* ScholarKidsUITests.swift in Sources */ = {isa = PBXBuildFile; fileRef = 84004AA820AF3C3100761FB6 /* ScholarKidsUITests.swift */; };
		8400BBD820B755B00040CC24 /* VocabularySentences1.txt in Resources */ = {isa = PBXBuildFile; fileRef = 8400BBD720B755B00040CC24 /* VocabularySentences1.txt */; };
		8400BBDA20B7939F0040CC24 /* TitleScene.swift in Sources */ = {isa = PBXBuildFile; fileRef = 8400BBD920B7939F0040CC24 /* TitleScene.swift */; };
		8400BBE020B7B8F50040CC24 /* background3.jpg in Resources */ = {isa = PBXBuildFile; fileRef = 8400BBDF20B7B8F50040CC24 /* background3.jpg */; };
		840B92AE20B8C6FC001F8FA3 /* PlayerSelectScene.swift in Sources */ = {isa = PBXBuildFile; fileRef = 840B92AD20B8C6FC001F8FA3 /* PlayerSelectScene.swift */; };
		840B92B020B8C771001F8FA3 /* LevelSelectScene.swift in Sources */ = {isa = PBXBuildFile; fileRef = 840B92AF20B8C771001F8FA3 /* LevelSelectScene.swift */; };
		840B92B420B8D330001F8FA3 /* Players.txt in Resources */ = {isa = PBXBuildFile; fileRef = 840B92B320B8D330001F8FA3 /* Players.txt */; };
		840B92B820B9DB14001F8FA3 /* green_plus-2.png in Resources */ = {isa = PBXBuildFile; fileRef = 840B92B720B9DB14001F8FA3 /* green_plus-2.png */; };
		840B92BC20BB9AFB001F8FA3 /* hotairballoon.png in Resources */ = {isa = PBXBuildFile; fileRef = 840B92BB20BB9AFB001F8FA3 /* hotairballoon.png */; };
		84409F3B20B4E6320008F6D5 /* background2.jpg in Resources */ = {isa = PBXBuildFile; fileRef = 84409F1D20B4E6320008F6D5 /* background2.jpg */; };
		84409F4D20B4E6320008F6D5 /* Correct-answer.mp3 in Resources */ = {isa = PBXBuildFile; fileRef = 84409F3320B4E6320008F6D5 /* Correct-answer.mp3 */; };
		84409F5520B4E6580008F6D5 /* Vocabulary1.txt in Resources */ = {isa = PBXBuildFile; fileRef = 84409F5420B4E6580008F6D5 /* Vocabulary1.txt */; };
		845A42FA20B1312000996714 /* free-backgrounds-17.jpg in Resources */ = {isa = PBXBuildFile; fileRef = 845A42F920B1312000996714 /* free-backgrounds-17.jpg */; };
		84A6951020B0EAEC00D5E212 /* WordSelectScene.swift in Sources */ = {isa = PBXBuildFile; fileRef = 84A6950F20B0EAEC00D5E212 /* WordSelectScene.swift */; };
		84C36AC520B4DB7B00ED9C19 /* VocabularySelectScene.swift in Sources */ = {isa = PBXBuildFile; fileRef = 84C36AC420B4DB7B00ED9C19 /* VocabularySelectScene.swift */; };
		84E8A4B920B24B4000AF7C4C /* Sentences1.txt in Resources */ = {isa = PBXBuildFile; fileRef = 84E8A4B820B24B4000AF7C4C /* Sentences1.txt */; };
		84E8A4C020B25CFA00AF7C4C /* background1.jpg in Resources */ = {isa = PBXBuildFile; fileRef = 84E8A4BC20B25CFA00AF7C4C /* background1.jpg */; };
		84E8A4C720B262A300AF7C4C /* background4.jpg in Resources */ = {isa = PBXBuildFile; fileRef = 84E8A4C620B262A300AF7C4C /* background4.jpg */; };
		84E8A4C920B3432800AF7C4C /* WordDragScene.swift in Sources */ = {isa = PBXBuildFile; fileRef = 84E8A4C820B3432800AF7C4C /* WordDragScene.swift */; };
		84E8A4CB20B34A2A00AF7C4C /* Error-sound-effect.mp3 in Resources */ = {isa = PBXBuildFile; fileRef = 84E8A4CA20B34A2A00AF7C4C /* Error-sound-effect.mp3 */; };
		84E8A4CD20B3610400AF7C4C /* AttributedLabelNode.swift in Sources */ = {isa = PBXBuildFile; fileRef = 84E8A4CC20B3610400AF7C4C /* AttributedLabelNode.swift */; };
		84E8A4CF20B3AD4300AF7C4C /* Adjectives1.txt in Resources */ = {isa = PBXBuildFile; fileRef = 84E8A4CE20B3AD4300AF7C4C /* Adjectives1.txt */; };
		84E8A4D120B3AD4700AF7C4C /* Verbs1.txt in Resources */ = {isa = PBXBuildFile; fileRef = 84E8A4D020B3AD4700AF7C4C /* Verbs1.txt */; };
/* End PBXBuildFile section */

/* Begin PBXContainerItemProxy section */
		84004A9A20AF3C3100761FB6 /* PBXContainerItemProxy */ = {
			isa = PBXContainerItemProxy;
			containerPortal = 84004A7720AF3C3100761FB6 /* Project object */;
			proxyType = 1;
			remoteGlobalIDString = 84004A7E20AF3C3100761FB6;
			remoteInfo = ScholarKids;
		};
		84004AA520AF3C3100761FB6 /* PBXContainerItemProxy */ = {
			isa = PBXContainerItemProxy;
			containerPortal = 84004A7720AF3C3100761FB6 /* Project object */;
			proxyType = 1;
			remoteGlobalIDString = 84004A7E20AF3C3100761FB6;
			remoteInfo = ScholarKids;
		};
/* End PBXContainerItemProxy section */

/* Begin PBXFileReference section */
		040B60AD20C4D22E0009ED9C /* Math4.txt */ = {isa = PBXFileReference; fileEncoding = 4; lastKnownFileType = text; name = Math4.txt; path = ScholarKids/Resources/Math4.txt; sourceTree = SOURCE_ROOT; };
		0459362D20C12080003D1A6B /* MathDrawScene.swift */ = {isa = PBXFileReference; lastKnownFileType = sourcecode.swift; path = MathDrawScene.swift; sourceTree = "<group>"; };
		84004A7F20AF3C3100761FB6 /* ScholarKids.app */ = {isa = PBXFileReference; explicitFileType = wrapper.application; includeInIndex = 0; path = ScholarKids.app; sourceTree = BUILT_PRODUCTS_DIR; };
		84004A8220AF3C3100761FB6 /* AppDelegate.swift */ = {isa = PBXFileReference; lastKnownFileType = sourcecode.swift; path = AppDelegate.swift; sourceTree = "<group>"; };
		84004A8420AF3C3100761FB6 /* GameScene.sks */ = {isa = PBXFileReference; lastKnownFileType = file.sks; path = GameScene.sks; sourceTree = "<group>"; };
		84004A8620AF3C3100761FB6 /* Actions.sks */ = {isa = PBXFileReference; lastKnownFileType = file.sks; path = Actions.sks; sourceTree = "<group>"; };
		84004A8820AF3C3100761FB6 /* GameScene.swift */ = {isa = PBXFileReference; lastKnownFileType = sourcecode.swift; path = GameScene.swift; sourceTree = "<group>"; };
		84004A8A20AF3C3100761FB6 /* GameViewController.swift */ = {isa = PBXFileReference; lastKnownFileType = sourcecode.swift; path = GameViewController.swift; sourceTree = "<group>"; };
		84004A8D20AF3C3100761FB6 /* Base */ = {isa = PBXFileReference; lastKnownFileType = file.storyboard; name = Base; path = Base.lproj/Main.storyboard; sourceTree = "<group>"; };
		84004A8F20AF3C3100761FB6 /* Assets.xcassets */ = {isa = PBXFileReference; lastKnownFileType = folder.assetcatalog; path = Assets.xcassets; sourceTree = "<group>"; };
		84004A9220AF3C3100761FB6 /* Base */ = {isa = PBXFileReference; lastKnownFileType = file.storyboard; name = Base; path = Base.lproj/LaunchScreen.storyboard; sourceTree = "<group>"; };
		84004A9420AF3C3100761FB6 /* Info.plist */ = {isa = PBXFileReference; lastKnownFileType = text.plist.xml; path = Info.plist; sourceTree = "<group>"; };
		84004A9920AF3C3100761FB6 /* ScholarKidsTests.xctest */ = {isa = PBXFileReference; explicitFileType = wrapper.cfbundle; includeInIndex = 0; path = ScholarKidsTests.xctest; sourceTree = BUILT_PRODUCTS_DIR; };
		84004A9D20AF3C3100761FB6 /* ScholarKidsTests.swift */ = {isa = PBXFileReference; lastKnownFileType = sourcecode.swift; path = ScholarKidsTests.swift; sourceTree = "<group>"; };
		84004AA420AF3C3100761FB6 /* ScholarKidsUITests.xctest */ = {isa = PBXFileReference; explicitFileType = wrapper.cfbundle; includeInIndex = 0; path = ScholarKidsUITests.xctest; sourceTree = BUILT_PRODUCTS_DIR; };
		84004AA820AF3C3100761FB6 /* ScholarKidsUITests.swift */ = {isa = PBXFileReference; lastKnownFileType = sourcecode.swift; path = ScholarKidsUITests.swift; sourceTree = "<group>"; };
		8400BBD720B755B00040CC24 /* VocabularySentences1.txt */ = {isa = PBXFileReference; fileEncoding = 4; lastKnownFileType = text; name = VocabularySentences1.txt; path = ScholarKids/VocabularySentences1.txt; sourceTree = SOURCE_ROOT; };
		8400BBD920B7939F0040CC24 /* TitleScene.swift */ = {isa = PBXFileReference; lastKnownFileType = sourcecode.swift; path = TitleScene.swift; sourceTree = "<group>"; };
		8400BBDF20B7B8F50040CC24 /* background3.jpg */ = {isa = PBXFileReference; lastKnownFileType = image.jpeg; name = background3.jpg; path = ScholarKids/background3.jpg; sourceTree = SOURCE_ROOT; };
		840B92AD20B8C6FC001F8FA3 /* PlayerSelectScene.swift */ = {isa = PBXFileReference; lastKnownFileType = sourcecode.swift; path = PlayerSelectScene.swift; sourceTree = "<group>"; };
		840B92AF20B8C771001F8FA3 /* LevelSelectScene.swift */ = {isa = PBXFileReference; lastKnownFileType = sourcecode.swift; path = LevelSelectScene.swift; sourceTree = "<group>"; };
		840B92B320B8D330001F8FA3 /* Players.txt */ = {isa = PBXFileReference; fileEncoding = 4; lastKnownFileType = text; name = Players.txt; path = ScholarKids/Players.txt; sourceTree = SOURCE_ROOT; };
		840B92B720B9DB14001F8FA3 /* green_plus-2.png */ = {isa = PBXFileReference; lastKnownFileType = image.png; path = "green_plus-2.png"; sourceTree = "<group>"; };
		840B92BB20BB9AFB001F8FA3 /* hotairballoon.png */ = {isa = PBXFileReference; lastKnownFileType = image.png; name = hotairballoon.png; path = ScholarKids/hotairballoon.png; sourceTree = SOURCE_ROOT; };
		84409F1D20B4E6320008F6D5 /* background2.jpg */ = {isa = PBXFileReference; lastKnownFileType = image.jpeg; path = background2.jpg; sourceTree = "<group>"; };
		84409F3320B4E6320008F6D5 /* Correct-answer.mp3 */ = {isa = PBXFileReference; lastKnownFileType = audio.mp3; path = "Correct-answer.mp3"; sourceTree = "<group>"; };
		84409F5420B4E6580008F6D5 /* Vocabulary1.txt */ = {isa = PBXFileReference; fileEncoding = 4; lastKnownFileType = text; name = Vocabulary1.txt; path = ScholarKids/Vocabulary1.txt; sourceTree = SOURCE_ROOT; };
		845A42F920B1312000996714 /* free-backgrounds-17.jpg */ = {isa = PBXFileReference; lastKnownFileType = image.jpeg; path = "free-backgrounds-17.jpg"; sourceTree = "<group>"; };
		84A6950F20B0EAEC00D5E212 /* WordSelectScene.swift */ = {isa = PBXFileReference; fileEncoding = 4; lastKnownFileType = sourcecode.swift; path = WordSelectScene.swift; sourceTree = "<group>"; };
		84C36AC420B4DB7B00ED9C19 /* VocabularySelectScene.swift */ = {isa = PBXFileReference; lastKnownFileType = sourcecode.swift; path = VocabularySelectScene.swift; sourceTree = "<group>"; };
		84E8A4B820B24B4000AF7C4C /* Sentences1.txt */ = {isa = PBXFileReference; fileEncoding = 4; lastKnownFileType = text; path = Sentences1.txt; sourceTree = "<group>"; };
		84E8A4BC20B25CFA00AF7C4C /* background1.jpg */ = {isa = PBXFileReference; lastKnownFileType = image.jpeg; path = background1.jpg; sourceTree = "<group>"; };
		84E8A4C620B262A300AF7C4C /* background4.jpg */ = {isa = PBXFileReference; lastKnownFileType = image.jpeg; path = background4.jpg; sourceTree = "<group>"; };
		84E8A4C820B3432800AF7C4C /* WordDragScene.swift */ = {isa = PBXFileReference; fileEncoding = 4; lastKnownFileType = sourcecode.swift; path = WordDragScene.swift; sourceTree = "<group>"; };
		84E8A4CA20B34A2A00AF7C4C /* Error-sound-effect.mp3 */ = {isa = PBXFileReference; lastKnownFileType = audio.mp3; path = "Error-sound-effect.mp3"; sourceTree = "<group>"; };
		84E8A4CC20B3610400AF7C4C /* AttributedLabelNode.swift */ = {isa = PBXFileReference; fileEncoding = 4; lastKnownFileType = sourcecode.swift; path = AttributedLabelNode.swift; sourceTree = "<group>"; };
		84E8A4CE20B3AD4300AF7C4C /* Adjectives1.txt */ = {isa = PBXFileReference; fileEncoding = 4; lastKnownFileType = text; path = Adjectives1.txt; sourceTree = "<group>"; };
		84E8A4D020B3AD4700AF7C4C /* Verbs1.txt */ = {isa = PBXFileReference; fileEncoding = 4; lastKnownFileType = text; path = Verbs1.txt; sourceTree = "<group>"; };
/* End PBXFileReference section */

/* Begin PBXFrameworksBuildPhase section */
		84004A7C20AF3C3100761FB6 /* Frameworks */ = {
			isa = PBXFrameworksBuildPhase;
			buildActionMask = 2147483647;
			files = (
			);
			runOnlyForDeploymentPostprocessing = 0;
		};
		84004A9620AF3C3100761FB6 /* Frameworks */ = {
			isa = PBXFrameworksBuildPhase;
			buildActionMask = 2147483647;
			files = (
			);
			runOnlyForDeploymentPostprocessing = 0;
		};
		84004AA120AF3C3100761FB6 /* Frameworks */ = {
			isa = PBXFrameworksBuildPhase;
			buildActionMask = 2147483647;
			files = (
			);
			runOnlyForDeploymentPostprocessing = 0;
		};
/* End PBXFrameworksBuildPhase section */

/* Begin PBXGroup section */
		84004A7620AF3C3100761FB6 = {
			isa = PBXGroup;
			children = (
				84004A8120AF3C3100761FB6 /* ScholarKids */,
				84004A9C20AF3C3100761FB6 /* ScholarKidsTests */,
				84004AA720AF3C3100761FB6 /* ScholarKidsUITests */,
				84004A8020AF3C3100761FB6 /* Products */,
			);
			sourceTree = "<group>";
		};
		84004A8020AF3C3100761FB6 /* Products */ = {
			isa = PBXGroup;
			children = (
				84004A7F20AF3C3100761FB6 /* ScholarKids.app */,
				84004A9920AF3C3100761FB6 /* ScholarKidsTests.xctest */,
				84004AA420AF3C3100761FB6 /* ScholarKidsUITests.xctest */,
			);
			name = Products;
			sourceTree = "<group>";
		};
		84004A8120AF3C3100761FB6 /* ScholarKids */ = {
			isa = PBXGroup;
			children = (
				84004A8220AF3C3100761FB6 /* AppDelegate.swift */,
				84004A8420AF3C3100761FB6 /* GameScene.sks */,
				84004A8620AF3C3100761FB6 /* Actions.sks */,
				84004A8820AF3C3100761FB6 /* GameScene.swift */,
				84A6950F20B0EAEC00D5E212 /* WordSelectScene.swift */,
				84E8A4C820B3432800AF7C4C /* WordDragScene.swift */,
				8400BBD920B7939F0040CC24 /* TitleScene.swift */,
				840B92AD20B8C6FC001F8FA3 /* PlayerSelectScene.swift */,
				840B92AF20B8C771001F8FA3 /* LevelSelectScene.swift */,
				0459362D20C12080003D1A6B /* MathDrawScene.swift */,
				84C36AC420B4DB7B00ED9C19 /* VocabularySelectScene.swift */,
				84E8A4CC20B3610400AF7C4C /* AttributedLabelNode.swift */,
				84004A8A20AF3C3100761FB6 /* GameViewController.swift */,
				84004A8C20AF3C3100761FB6 /* Main.storyboard */,
				84004A8F20AF3C3100761FB6 /* Assets.xcassets */,
				84004A9120AF3C3100761FB6 /* LaunchScreen.storyboard */,
				84004A9420AF3C3100761FB6 /* Info.plist */,
				84409F1C20B4E6320008F6D5 /* images */,
				84409F3220B4E6320008F6D5 /* sounds */,
				84409ED220B4DF4D0008F6D5 /* Resources */,
			);
			path = ScholarKids;
			sourceTree = "<group>";
		};
		84004A9C20AF3C3100761FB6 /* ScholarKidsTests */ = {
			isa = PBXGroup;
			children = (
				84004A9D20AF3C3100761FB6 /* ScholarKidsTests.swift */,
			);
			path = ScholarKidsTests;
			sourceTree = "<group>";
		};
		84004AA720AF3C3100761FB6 /* ScholarKidsUITests */ = {
			isa = PBXGroup;
			children = (
				84004AA820AF3C3100761FB6 /* ScholarKidsUITests.swift */,
			);
			path = ScholarKidsUITests;
			sourceTree = "<group>";
		};
		84409ED220B4DF4D0008F6D5 /* Resources */ = {
			isa = PBXGroup;
			children = (
				840B92B320B8D330001F8FA3 /* Players.txt */,
				040B60AD20C4D22E0009ED9C /* Math4.txt */,
				8400BBD720B755B00040CC24 /* VocabularySentences1.txt */,
				84409F5420B4E6580008F6D5 /* Vocabulary1.txt */,
				84E8A4D020B3AD4700AF7C4C /* Verbs1.txt */,
				84E8A4CE20B3AD4300AF7C4C /* Adjectives1.txt */,
				84E8A4B820B24B4000AF7C4C /* Sentences1.txt */,
			);
			path = Resources;
			sourceTree = "<group>";
		};
		84409F1C20B4E6320008F6D5 /* images */ = {
			isa = PBXGroup;
			children = (
				845A42F920B1312000996714 /* free-backgrounds-17.jpg */,
				840B92BB20BB9AFB001F8FA3 /* hotairballoon.png */,
				840B92B720B9DB14001F8FA3 /* green_plus-2.png */,
				8400BBDF20B7B8F50040CC24 /* background3.jpg */,
				84E8A4C620B262A300AF7C4C /* background4.jpg */,
				84E8A4BC20B25CFA00AF7C4C /* background1.jpg */,
				84409F1D20B4E6320008F6D5 /* background2.jpg */,
			);
			path = images;
			sourceTree = "<group>";
		};
		84409F3220B4E6320008F6D5 /* sounds */ = {
			isa = PBXGroup;
			children = (
				84409F3320B4E6320008F6D5 /* Correct-answer.mp3 */,
				84E8A4CA20B34A2A00AF7C4C /* Error-sound-effect.mp3 */,
			);
			path = sounds;
			sourceTree = "<group>";
		};
/* End PBXGroup section */

/* Begin PBXNativeTarget section */
		84004A7E20AF3C3100761FB6 /* ScholarKids */ = {
			isa = PBXNativeTarget;
			buildConfigurationList = 84004AAD20AF3C3100761FB6 /* Build configuration list for PBXNativeTarget "ScholarKids" */;
			buildPhases = (
				84004A7B20AF3C3100761FB6 /* Sources */,
				84004A7C20AF3C3100761FB6 /* Frameworks */,
				84004A7D20AF3C3100761FB6 /* Resources */,
			);
			buildRules = (
			);
			dependencies = (
			);
			name = ScholarKids;
			productName = ScholarKids;
			productReference = 84004A7F20AF3C3100761FB6 /* ScholarKids.app */;
			productType = "com.apple.product-type.application";
		};
		84004A9820AF3C3100761FB6 /* ScholarKidsTests */ = {
			isa = PBXNativeTarget;
			buildConfigurationList = 84004AB020AF3C3100761FB6 /* Build configuration list for PBXNativeTarget "ScholarKidsTests" */;
			buildPhases = (
				84004A9520AF3C3100761FB6 /* Sources */,
				84004A9620AF3C3100761FB6 /* Frameworks */,
				84004A9720AF3C3100761FB6 /* Resources */,
			);
			buildRules = (
			);
			dependencies = (
				84004A9B20AF3C3100761FB6 /* PBXTargetDependency */,
			);
			name = ScholarKidsTests;
			productName = ScholarKidsTests;
			productReference = 84004A9920AF3C3100761FB6 /* ScholarKidsTests.xctest */;
			productType = "com.apple.product-type.bundle.unit-test";
		};
		84004AA320AF3C3100761FB6 /* ScholarKidsUITests */ = {
			isa = PBXNativeTarget;
			buildConfigurationList = 84004AB320AF3C3100761FB6 /* Build configuration list for PBXNativeTarget "ScholarKidsUITests" */;
			buildPhases = (
				84004AA020AF3C3100761FB6 /* Sources */,
				84004AA120AF3C3100761FB6 /* Frameworks */,
				84004AA220AF3C3100761FB6 /* Resources */,
			);
			buildRules = (
			);
			dependencies = (
				84004AA620AF3C3100761FB6 /* PBXTargetDependency */,
			);
			name = ScholarKidsUITests;
			productName = ScholarKidsUITests;
			productReference = 84004AA420AF3C3100761FB6 /* ScholarKidsUITests.xctest */;
			productType = "com.apple.product-type.bundle.ui-testing";
		};
/* End PBXNativeTarget section */

/* Begin PBXProject section */
		84004A7720AF3C3100761FB6 /* Project object */ = {
			isa = PBXProject;
			attributes = {
				LastSwiftUpdateCheck = 0830;
				LastUpgradeCheck = 0830;
				ORGANIZATIONNAME = "Doug Price";
				TargetAttributes = {
					84004A7E20AF3C3100761FB6 = {
						CreatedOnToolsVersion = 8.3.3;
						DevelopmentTeam = 79C8AE88Z7;
						ProvisioningStyle = Automatic;
					};
					84004A9820AF3C3100761FB6 = {
						CreatedOnToolsVersion = 8.3.3;
						ProvisioningStyle = Automatic;
						TestTargetID = 84004A7E20AF3C3100761FB6;
					};
					84004AA320AF3C3100761FB6 = {
						CreatedOnToolsVersion = 8.3.3;
						ProvisioningStyle = Automatic;
						TestTargetID = 84004A7E20AF3C3100761FB6;
					};
				};
			};
			buildConfigurationList = 84004A7A20AF3C3100761FB6 /* Build configuration list for PBXProject "ScholarKids" */;
			compatibilityVersion = "Xcode 3.2";
			developmentRegion = English;
			hasScannedForEncodings = 0;
			knownRegions = (
				en,
				Base,
			);
			mainGroup = 84004A7620AF3C3100761FB6;
			productRefGroup = 84004A8020AF3C3100761FB6 /* Products */;
			projectDirPath = "";
			projectRoot = "";
			targets = (
				84004A7E20AF3C3100761FB6 /* ScholarKids */,
				84004A9820AF3C3100761FB6 /* ScholarKidsTests */,
				84004AA320AF3C3100761FB6 /* ScholarKidsUITests */,
			);
		};
/* End PBXProject section */

/* Begin PBXResourcesBuildPhase section */
		84004A7D20AF3C3100761FB6 /* Resources */ = {
			isa = PBXResourcesBuildPhase;
			buildActionMask = 2147483647;
			files = (
				84E8A4CF20B3AD4300AF7C4C /* Adjectives1.txt in Resources */,
				8400BBE020B7B8F50040CC24 /* background3.jpg in Resources */,
				840B92BC20BB9AFB001F8FA3 /* hotairballoon.png in Resources */,
				840B92B820B9DB14001F8FA3 /* green_plus-2.png in Resources */,
				84E8A4D120B3AD4700AF7C4C /* Verbs1.txt in Resources */,
				84409F4D20B4E6320008F6D5 /* Correct-answer.mp3 in Resources */,
				84E8A4C720B262A300AF7C4C /* background4.jpg in Resources */,
				845A42FA20B1312000996714 /* free-backgrounds-17.jpg in Resources */,
				84E8A4C020B25CFA00AF7C4C /* background1.jpg in Resources */,
				840B92B420B8D330001F8FA3 /* Players.txt in Resources */,
				84004A8E20AF3C3100761FB6 /* Main.storyboard in Resources */,
				84004A8520AF3C3100761FB6 /* GameScene.sks in Resources */,
				84004A9020AF3C3100761FB6 /* Assets.xcassets in Resources */,
				84409F3B20B4E6320008F6D5 /* background2.jpg in Resources */,
				84E8A4CB20B34A2A00AF7C4C /* Error-sound-effect.mp3 in Resources */,
				84004A9320AF3C3100761FB6 /* LaunchScreen.storyboard in Resources */,
				8400BBD820B755B00040CC24 /* VocabularySentences1.txt in Resources */,
				84E8A4B920B24B4000AF7C4C /* Sentences1.txt in Resources */,
				84004A8720AF3C3100761FB6 /* Actions.sks in Resources */,
				040B60AE20C4D22F0009ED9C /* Math4.txt in Resources */,
				84409F5520B4E6580008F6D5 /* Vocabulary1.txt in Resources */,
			);
			runOnlyForDeploymentPostprocessing = 0;
		};
		84004A9720AF3C3100761FB6 /* Resources */ = {
			isa = PBXResourcesBuildPhase;
			buildActionMask = 2147483647;
			files = (
			);
			runOnlyForDeploymentPostprocessing = 0;
		};
		84004AA220AF3C3100761FB6 /* Resources */ = {
			isa = PBXResourcesBuildPhase;
			buildActionMask = 2147483647;
			files = (
			);
			runOnlyForDeploymentPostprocessing = 0;
		};
/* End PBXResourcesBuildPhase section */

/* Begin PBXSourcesBuildPhase section */
		84004A7B20AF3C3100761FB6 /* Sources */ = {
			isa = PBXSourcesBuildPhase;
			buildActionMask = 2147483647;
			files = (
				840B92AE20B8C6FC001F8FA3 /* PlayerSelectScene.swift in Sources */,
				84C36AC520B4DB7B00ED9C19 /* VocabularySelectScene.swift in Sources */,
				84E8A4C920B3432800AF7C4C /* WordDragScene.swift in Sources */,
				84004A8920AF3C3100761FB6 /* GameScene.swift in Sources */,
				8400BBDA20B7939F0040CC24 /* TitleScene.swift in Sources */,
				84E8A4CD20B3610400AF7C4C /* AttributedLabelNode.swift in Sources */,
				84004A8B20AF3C3100761FB6 /* GameViewController.swift in Sources */,
				84A6951020B0EAEC00D5E212 /* WordSelectScene.swift in Sources */,
				0459362E20C12080003D1A6B /* MathDrawScene.swift in Sources */,
				84004A8320AF3C3100761FB6 /* AppDelegate.swift in Sources */,
				840B92B020B8C771001F8FA3 /* LevelSelectScene.swift in Sources */,
			);
			runOnlyForDeploymentPostprocessing = 0;
		};
		84004A9520AF3C3100761FB6 /* Sources */ = {
			isa = PBXSourcesBuildPhase;
			buildActionMask = 2147483647;
			files = (
				84004A9E20AF3C3100761FB6 /* ScholarKidsTests.swift in Sources */,
			);
			runOnlyForDeploymentPostprocessing = 0;
		};
		84004AA020AF3C3100761FB6 /* Sources */ = {
			isa = PBXSourcesBuildPhase;
			buildActionMask = 2147483647;
			files = (
				84004AA920AF3C3100761FB6 /* ScholarKidsUITests.swift in Sources */,
			);
			runOnlyForDeploymentPostprocessing = 0;
		};
/* End PBXSourcesBuildPhase section */

/* Begin PBXTargetDependency section */
		84004A9B20AF3C3100761FB6 /* PBXTargetDependency */ = {
			isa = PBXTargetDependency;
			target = 84004A7E20AF3C3100761FB6 /* ScholarKids */;
			targetProxy = 84004A9A20AF3C3100761FB6 /* PBXContainerItemProxy */;
		};
		84004AA620AF3C3100761FB6 /* PBXTargetDependency */ = {
			isa = PBXTargetDependency;
			target = 84004A7E20AF3C3100761FB6 /* ScholarKids */;
			targetProxy = 84004AA520AF3C3100761FB6 /* PBXContainerItemProxy */;
		};
/* End PBXTargetDependency section */

/* Begin PBXVariantGroup section */
		84004A8C20AF3C3100761FB6 /* Main.storyboard */ = {
			isa = PBXVariantGroup;
			children = (
				84004A8D20AF3C3100761FB6 /* Base */,
			);
			name = Main.storyboard;
			sourceTree = "<group>";
		};
		84004A9120AF3C3100761FB6 /* LaunchScreen.storyboard */ = {
			isa = PBXVariantGroup;
			children = (
				84004A9220AF3C3100761FB6 /* Base */,
			);
			name = LaunchScreen.storyboard;
			sourceTree = "<group>";
		};
/* End PBXVariantGroup section */

/* Begin XCBuildConfiguration section */
		84004AAB20AF3C3100761FB6 /* Debug */ = {
			isa = XCBuildConfiguration;
			buildSettings = {
				ALWAYS_SEARCH_USER_PATHS = NO;
				CLANG_ANALYZER_NONNULL = YES;
				CLANG_ANALYZER_NUMBER_OBJECT_CONVERSION = YES_AGGRESSIVE;
				CLANG_CXX_LANGUAGE_STANDARD = "gnu++0x";
				CLANG_CXX_LIBRARY = "libc++";
				CLANG_ENABLE_MODULES = YES;
				CLANG_ENABLE_OBJC_ARC = YES;
				CLANG_WARN_BOOL_CONVERSION = YES;
				CLANG_WARN_CONSTANT_CONVERSION = YES;
				CLANG_WARN_DIRECT_OBJC_ISA_USAGE = YES_ERROR;
				CLANG_WARN_DOCUMENTATION_COMMENTS = YES;
				CLANG_WARN_EMPTY_BODY = YES;
				CLANG_WARN_ENUM_CONVERSION = YES;
				CLANG_WARN_INFINITE_RECURSION = YES;
				CLANG_WARN_INT_CONVERSION = YES;
				CLANG_WARN_OBJC_ROOT_CLASS = YES_ERROR;
				CLANG_WARN_SUSPICIOUS_MOVE = YES;
				CLANG_WARN_UNREACHABLE_CODE = YES;
				CLANG_WARN__DUPLICATE_METHOD_MATCH = YES;
				"CODE_SIGN_IDENTITY[sdk=iphoneos*]" = "iPhone Developer";
				COPY_PHASE_STRIP = NO;
				DEBUG_INFORMATION_FORMAT = dwarf;
				ENABLE_STRICT_OBJC_MSGSEND = YES;
				ENABLE_TESTABILITY = YES;
				GCC_C_LANGUAGE_STANDARD = gnu99;
				GCC_DYNAMIC_NO_PIC = NO;
				GCC_NO_COMMON_BLOCKS = YES;
				GCC_OPTIMIZATION_LEVEL = 0;
				GCC_PREPROCESSOR_DEFINITIONS = (
					"DEBUG=1",
					"$(inherited)",
				);
				GCC_WARN_64_TO_32_BIT_CONVERSION = YES;
				GCC_WARN_ABOUT_RETURN_TYPE = YES_ERROR;
				GCC_WARN_UNDECLARED_SELECTOR = YES;
				GCC_WARN_UNINITIALIZED_AUTOS = YES_AGGRESSIVE;
				GCC_WARN_UNUSED_FUNCTION = YES;
				GCC_WARN_UNUSED_VARIABLE = YES;
				IPHONEOS_DEPLOYMENT_TARGET = 10.3;
				MTL_ENABLE_DEBUG_INFO = YES;
				ONLY_ACTIVE_ARCH = YES;
				SDKROOT = iphoneos;
				SWIFT_ACTIVE_COMPILATION_CONDITIONS = DEBUG;
				SWIFT_OPTIMIZATION_LEVEL = "-Onone";
				TARGETED_DEVICE_FAMILY = "1,2";
			};
			name = Debug;
		};
		84004AAC20AF3C3100761FB6 /* Release */ = {
			isa = XCBuildConfiguration;
			buildSettings = {
				ALWAYS_SEARCH_USER_PATHS = NO;
				CLANG_ANALYZER_NONNULL = YES;
				CLANG_ANALYZER_NUMBER_OBJECT_CONVERSION = YES_AGGRESSIVE;
				CLANG_CXX_LANGUAGE_STANDARD = "gnu++0x";
				CLANG_CXX_LIBRARY = "libc++";
				CLANG_ENABLE_MODULES = YES;
				CLANG_ENABLE_OBJC_ARC = YES;
				CLANG_WARN_BOOL_CONVERSION = YES;
				CLANG_WARN_CONSTANT_CONVERSION = YES;
				CLANG_WARN_DIRECT_OBJC_ISA_USAGE = YES_ERROR;
				CLANG_WARN_DOCUMENTATION_COMMENTS = YES;
				CLANG_WARN_EMPTY_BODY = YES;
				CLANG_WARN_ENUM_CONVERSION = YES;
				CLANG_WARN_INFINITE_RECURSION = YES;
				CLANG_WARN_INT_CONVERSION = YES;
				CLANG_WARN_OBJC_ROOT_CLASS = YES_ERROR;
				CLANG_WARN_SUSPICIOUS_MOVE = YES;
				CLANG_WARN_UNREACHABLE_CODE = YES;
				CLANG_WARN__DUPLICATE_METHOD_MATCH = YES;
				"CODE_SIGN_IDENTITY[sdk=iphoneos*]" = "iPhone Developer";
				COPY_PHASE_STRIP = NO;
				DEBUG_INFORMATION_FORMAT = "dwarf-with-dsym";
				ENABLE_NS_ASSERTIONS = NO;
				ENABLE_STRICT_OBJC_MSGSEND = YES;
				GCC_C_LANGUAGE_STANDARD = gnu99;
				GCC_NO_COMMON_BLOCKS = YES;
				GCC_WARN_64_TO_32_BIT_CONVERSION = YES;
				GCC_WARN_ABOUT_RETURN_TYPE = YES_ERROR;
				GCC_WARN_UNDECLARED_SELECTOR = YES;
				GCC_WARN_UNINITIALIZED_AUTOS = YES_AGGRESSIVE;
				GCC_WARN_UNUSED_FUNCTION = YES;
				GCC_WARN_UNUSED_VARIABLE = YES;
				IPHONEOS_DEPLOYMENT_TARGET = 10.3;
				MTL_ENABLE_DEBUG_INFO = NO;
				SDKROOT = iphoneos;
				SWIFT_OPTIMIZATION_LEVEL = "-Owholemodule";
				TARGETED_DEVICE_FAMILY = "1,2";
				VALIDATE_PRODUCT = YES;
			};
			name = Release;
		};
		84004AAE20AF3C3100761FB6 /* Debug */ = {
			isa = XCBuildConfiguration;
			buildSettings = {
				ASSETCATALOG_COMPILER_APPICON_NAME = AppIcon;
				DEVELOPMENT_TEAM = 79C8AE88Z7;
				INFOPLIST_FILE = ScholarKids/Info.plist;
				LD_RUNPATH_SEARCH_PATHS = "$(inherited) @executable_path/Frameworks";
				PRODUCT_BUNDLE_IDENTIFIER = DougPersonal.ScholarKids;
				PRODUCT_NAME = "$(TARGET_NAME)";
				SWIFT_VERSION = 3.0;
			};
			name = Debug;
		};
		84004AAF20AF3C3100761FB6 /* Release */ = {
			isa = XCBuildConfiguration;
			buildSettings = {
				ASSETCATALOG_COMPILER_APPICON_NAME = AppIcon;
				DEVELOPMENT_TEAM = 79C8AE88Z7;
				INFOPLIST_FILE = ScholarKids/Info.plist;
				LD_RUNPATH_SEARCH_PATHS = "$(inherited) @executable_path/Frameworks";
				PRODUCT_BUNDLE_IDENTIFIER = DougPersonal.ScholarKids;
				PRODUCT_NAME = "$(TARGET_NAME)";
				SWIFT_VERSION = 3.0;
			};
			name = Release;
		};
		84004AB120AF3C3100761FB6 /* Debug */ = {
			isa = XCBuildConfiguration;
			buildSettings = {
				ALWAYS_EMBED_SWIFT_STANDARD_LIBRARIES = YES;
				BUNDLE_LOADER = "$(TEST_HOST)";
				INFOPLIST_FILE = ScholarKidsTests/Info.plist;
				LD_RUNPATH_SEARCH_PATHS = "$(inherited) @executable_path/Frameworks @loader_path/Frameworks";
				PRODUCT_BUNDLE_IDENTIFIER = DougPersonal.ScholarKidsTests;
				PRODUCT_NAME = "$(TARGET_NAME)";
				SWIFT_VERSION = 3.0;
				TEST_HOST = "$(BUILT_PRODUCTS_DIR)/ScholarKids.app/ScholarKids";
			};
			name = Debug;
		};
		84004AB220AF3C3100761FB6 /* Release */ = {
			isa = XCBuildConfiguration;
			buildSettings = {
				ALWAYS_EMBED_SWIFT_STANDARD_LIBRARIES = YES;
				BUNDLE_LOADER = "$(TEST_HOST)";
				INFOPLIST_FILE = ScholarKidsTests/Info.plist;
				LD_RUNPATH_SEARCH_PATHS = "$(inherited) @executable_path/Frameworks @loader_path/Frameworks";
				PRODUCT_BUNDLE_IDENTIFIER = DougPersonal.ScholarKidsTests;
				PRODUCT_NAME = "$(TARGET_NAME)";
				SWIFT_VERSION = 3.0;
				TEST_HOST = "$(BUILT_PRODUCTS_DIR)/ScholarKids.app/ScholarKids";
			};
			name = Release;
		};
		84004AB420AF3C3100761FB6 /* Debug */ = {
			isa = XCBuildConfiguration;
			buildSettings = {
				ALWAYS_EMBED_SWIFT_STANDARD_LIBRARIES = YES;
				INFOPLIST_FILE = ScholarKidsUITests/Info.plist;
				LD_RUNPATH_SEARCH_PATHS = "$(inherited) @executable_path/Frameworks @loader_path/Frameworks";
				PRODUCT_BUNDLE_IDENTIFIER = DougPersonal.ScholarKidsUITests;
				PRODUCT_NAME = "$(TARGET_NAME)";
				SWIFT_VERSION = 3.0;
				TEST_TARGET_NAME = ScholarKids;
			};
			name = Debug;
		};
		84004AB520AF3C3100761FB6 /* Release */ = {
			isa = XCBuildConfiguration;
			buildSettings = {
				ALWAYS_EMBED_SWIFT_STANDARD_LIBRARIES = YES;
				INFOPLIST_FILE = ScholarKidsUITests/Info.plist;
				LD_RUNPATH_SEARCH_PATHS = "$(inherited) @executable_path/Frameworks @loader_path/Frameworks";
				PRODUCT_BUNDLE_IDENTIFIER = DougPersonal.ScholarKidsUITests;
				PRODUCT_NAME = "$(TARGET_NAME)";
				SWIFT_VERSION = 3.0;
				TEST_TARGET_NAME = ScholarKids;
			};
			name = Release;
		};
/* End XCBuildConfiguration section */

/* Begin XCConfigurationList section */
		84004A7A20AF3C3100761FB6 /* Build configuration list for PBXProject "ScholarKids" */ = {
			isa = XCConfigurationList;
			buildConfigurations = (
				84004AAB20AF3C3100761FB6 /* Debug */,
				84004AAC20AF3C3100761FB6 /* Release */,
			);
			defaultConfigurationIsVisible = 0;
			defaultConfigurationName = Release;
		};
		84004AAD20AF3C3100761FB6 /* Build configuration list for PBXNativeTarget "ScholarKids" */ = {
			isa = XCConfigurationList;
			buildConfigurations = (
				84004AAE20AF3C3100761FB6 /* Debug */,
				84004AAF20AF3C3100761FB6 /* Release */,
			);
			defaultConfigurationIsVisible = 0;
			defaultConfigurationName = Release;
		};
		84004AB020AF3C3100761FB6 /* Build configuration list for PBXNativeTarget "ScholarKidsTests" */ = {
			isa = XCConfigurationList;
			buildConfigurations = (
				84004AB120AF3C3100761FB6 /* Debug */,
				84004AB220AF3C3100761FB6 /* Release */,
			);
			defaultConfigurationIsVisible = 0;
			defaultConfigurationName = Release;
		};
		84004AB320AF3C3100761FB6 /* Build configuration list for PBXNativeTarget "ScholarKidsUITests" */ = {
			isa = XCConfigurationList;
			buildConfigurations = (
				84004AB420AF3C3100761FB6 /* Debug */,
				84004AB520AF3C3100761FB6 /* Release */,
			);
			defaultConfigurationIsVisible = 0;
			defaultConfigurationName = Release;
		};
/* End XCConfigurationList section */
	};
	rootObject = 84004A7720AF3C3100761FB6 /* Project object */;
}
