// !$*UTF8*$!
{
	archiveVersion = 1;
	classes = {
	};
	objectVersion = 46;
	objects = {

/* Begin PBXBuildFile section */
		040B60B220CF2D340009ED9C /* BackgroundMusic.mp3 in Resources */ = {isa = PBXBuildFile; fileRef = 040B60B120CF2D340009ED9C /* BackgroundMusic.mp3 */; };
		040B60B520CF34D00009ED9C /* QuizRight.wav in Resources */ = {isa = PBXBuildFile; fileRef = 040B60B320CF34CF0009ED9C /* QuizRight.wav */; };
		040B60B620CF34D00009ED9C /* QuizWrong.wav in Resources */ = {isa = PBXBuildFile; fileRef = 040B60B420CF34CF0009ED9C /* QuizWrong.wav */; };
		040B60B820CF5B7B0009ED9C /* backwards.png in Resources */ = {isa = PBXBuildFile; fileRef = 040B60B720CF5B7A0009ED9C /* backwards.png */; };
		040B60BA20D0722E0009ED9C /* background4.png in Resources */ = {isa = PBXBuildFile; fileRef = 040B60B920D0722E0009ED9C /* background4.png */; };
		040B60C120D1C14A0009ED9C /* Spelling1.txt in Resources */ = {isa = PBXBuildFile; fileRef = 040B60BB20D1C14A0009ED9C /* Spelling1.txt */; };
		040B60C220D1C14A0009ED9C /* Spelling2.txt in Resources */ = {isa = PBXBuildFile; fileRef = 040B60BC20D1C14A0009ED9C /* Spelling2.txt */; };
		040B60C320D1C14A0009ED9C /* Spelling4.txt in Resources */ = {isa = PBXBuildFile; fileRef = 040B60BD20D1C14A0009ED9C /* Spelling4.txt */; };
		040B60C420D1C14A0009ED9C /* Spelling3.txt in Resources */ = {isa = PBXBuildFile; fileRef = 040B60BE20D1C14A0009ED9C /* Spelling3.txt */; };
		040B60C520D1C14A0009ED9C /* Spelling5.txt in Resources */ = {isa = PBXBuildFile; fileRef = 040B60BF20D1C14A0009ED9C /* Spelling5.txt */; };
		040B60C620D1C14A0009ED9C /* Spelling7.txt in Resources */ = {isa = PBXBuildFile; fileRef = 040B60C020D1C14A0009ED9C /* Spelling7.txt */; };
		041354DB20F90E8100CC606D /* ProgressReportScene.swift in Sources */ = {isa = PBXBuildFile; fileRef = 041354DA20F90E8100CC606D /* ProgressReportScene.swift */; };
		0437526820E19DD700E791F0 /* next.png in Resources */ = {isa = PBXBuildFile; fileRef = 0437526520E19DD700E791F0 /* next.png */; };
		0437526920E19DD700E791F0 /* retry.png in Resources */ = {isa = PBXBuildFile; fileRef = 0437526620E19DD700E791F0 /* retry.png */; };
		0437526A20E19DD700E791F0 /* home.png in Resources */ = {isa = PBXBuildFile; fileRef = 0437526720E19DD700E791F0 /* home.png */; };
		0437527620E1C71300E791F0 /* Star3.wav in Resources */ = {isa = PBXBuildFile; fileRef = 0437527320E1C71300E791F0 /* Star3.wav */; };
		0437527720E1C71300E791F0 /* Star1.wav in Resources */ = {isa = PBXBuildFile; fileRef = 0437527420E1C71300E791F0 /* Star1.wav */; };
		0437527820E1C71300E791F0 /* Star2.wav in Resources */ = {isa = PBXBuildFile; fileRef = 0437527520E1C71300E791F0 /* Star2.wav */; };
		0437527A20E1C72400E791F0 /* LevelCompleted.wav in Resources */ = {isa = PBXBuildFile; fileRef = 0437527920E1C72400E791F0 /* LevelCompleted.wav */; };
		0437527D20E1CAE800E791F0 /* WrongProgress.wav in Resources */ = {isa = PBXBuildFile; fileRef = 0437527B20E1CAE800E791F0 /* WrongProgress.wav */; };
		0437527E20E1CAE800E791F0 /* CorrectProgress.wav in Resources */ = {isa = PBXBuildFile; fileRef = 0437527C20E1CAE800E791F0 /* CorrectProgress.wav */; };
		0437529220E2AE8000E791F0 /* VocabularyConnectScene.swift in Sources */ = {isa = PBXBuildFile; fileRef = 0437529120E2AE7F00E791F0 /* VocabularyConnectScene.swift */; };
		0437529C20E4560400E791F0 /* Vocabulary1.txt in Resources */ = {isa = PBXBuildFile; fileRef = 0437529320E4560400E791F0 /* Vocabulary1.txt */; };
		0437529D20E4560400E791F0 /* Vocabulary2.txt in Resources */ = {isa = PBXBuildFile; fileRef = 0437529420E4560400E791F0 /* Vocabulary2.txt */; };
		0437529E20E4560400E791F0 /* Vocabulary3.txt in Resources */ = {isa = PBXBuildFile; fileRef = 0437529520E4560400E791F0 /* Vocabulary3.txt */; };
		0437529F20E4560400E791F0 /* Vocabulary7.txt in Resources */ = {isa = PBXBuildFile; fileRef = 0437529620E4560400E791F0 /* Vocabulary7.txt */; };
		043752A020E4560400E791F0 /* Vocabulary4.txt in Resources */ = {isa = PBXBuildFile; fileRef = 0437529720E4560400E791F0 /* Vocabulary4.txt */; };
		043752A120E4560400E791F0 /* Vocabulary8.txt in Resources */ = {isa = PBXBuildFile; fileRef = 0437529820E4560400E791F0 /* Vocabulary8.txt */; };
		043752A220E4560400E791F0 /* VocabularyK.txt in Resources */ = {isa = PBXBuildFile; fileRef = 0437529920E4560400E791F0 /* VocabularyK.txt */; };
		043752A320E4560400E791F0 /* Vocabulary5.txt in Resources */ = {isa = PBXBuildFile; fileRef = 0437529A20E4560400E791F0 /* Vocabulary5.txt */; };
		043752A420E4560400E791F0 /* Vocabulary6.txt in Resources */ = {isa = PBXBuildFile; fileRef = 0437529B20E4560400E791F0 /* Vocabulary6.txt */; };
		043752A620E4725300E791F0 /* WordProblems1.txt in Resources */ = {isa = PBXBuildFile; fileRef = 043752A520E4725300E791F0 /* WordProblems1.txt */; };
		043752B220E4861A00E791F0 /* cakes.png in Resources */ = {isa = PBXBuildFile; fileRef = 043752AD20E4861A00E791F0 /* cakes.png */; };
		043752B320E4861A00E791F0 /* books.png in Resources */ = {isa = PBXBuildFile; fileRef = 043752AE20E4861A00E791F0 /* books.png */; };
		043752B420E4861A00E791F0 /* pencils.png in Resources */ = {isa = PBXBuildFile; fileRef = 043752AF20E4861A00E791F0 /* pencils.png */; };
		043752B520E4861A00E791F0 /* pies.png in Resources */ = {isa = PBXBuildFile; fileRef = 043752B020E4861A00E791F0 /* pies.png */; };
		043752B620E4861A00E791F0 /* cookies.png in Resources */ = {isa = PBXBuildFile; fileRef = 043752B120E4861A00E791F0 /* cookies.png */; };
		04421FE020FA935C00DAD821 /* lock.png in Resources */ = {isa = PBXBuildFile; fileRef = 04421FDF20FA935B00DAD821 /* lock.png */; };
		0445EC5820DC07A5006098ED /* RedLeft.png in Resources */ = {isa = PBXBuildFile; fileRef = 0445EC5720DC07A5006098ED /* RedLeft.png */; };
		0445EC5B20DC7B73006098ED /* GoldStar.png in Resources */ = {isa = PBXBuildFile; fileRef = 0445EC5920DC7B73006098ED /* GoldStar.png */; };
		0445EC5C20DC7B73006098ED /* BlackStar.png in Resources */ = {isa = PBXBuildFile; fileRef = 0445EC5A20DC7B73006098ED /* BlackStar.png */; };
		0459362E20C12080003D1A6B /* MathDrawScene.swift in Sources */ = {isa = PBXBuildFile; fileRef = 0459362D20C12080003D1A6B /* MathDrawScene.swift */; };
		04B22B0120D71C9700F3AA69 /* MathDragScene.swift in Sources */ = {isa = PBXBuildFile; fileRef = 04B22B0020D71C9700F3AA69 /* MathDragScene.swift */; };
		04B22B0820DB6E0E00F3AA69 /* RedButtonSmall.png in Resources */ = {isa = PBXBuildFile; fileRef = 04B22B0220DB6E0E00F3AA69 /* RedButtonSmall.png */; };
		04B22B0920DB6E0E00F3AA69 /* BackwardsClean.png in Resources */ = {isa = PBXBuildFile; fileRef = 04B22B0320DB6E0E00F3AA69 /* BackwardsClean.png */; };
		04B22B0B20DB6E0E00F3AA69 /* GoldButton.png in Resources */ = {isa = PBXBuildFile; fileRef = 04B22B0520DB6E0E00F3AA69 /* GoldButton.png */; };
		04B22B0C20DB6E0E00F3AA69 /* GreenPlus.png in Resources */ = {isa = PBXBuildFile; fileRef = 04B22B0620DB6E0E00F3AA69 /* GreenPlus.png */; };
		04B22B0D20DB6E0E00F3AA69 /* RedButtonBig.png in Resources */ = {isa = PBXBuildFile; fileRef = 04B22B0720DB6E0E00F3AA69 /* RedButtonBig.png */; };
		04B22B0F20DB6EC200F3AA69 /* SilverButton.png in Resources */ = {isa = PBXBuildFile; fileRef = 04B22B0E20DB6EC200F3AA69 /* SilverButton.png */; };
		84004A8320AF3C3100761FB6 /* AppDelegate.swift in Sources */ = {isa = PBXBuildFile; fileRef = 84004A8220AF3C3100761FB6 /* AppDelegate.swift */; };
		84004A8520AF3C3100761FB6 /* GameScene.sks in Resources */ = {isa = PBXBuildFile; fileRef = 84004A8420AF3C3100761FB6 /* GameScene.sks */; };
		84004A8720AF3C3100761FB6 /* Actions.sks in Resources */ = {isa = PBXBuildFile; fileRef = 84004A8620AF3C3100761FB6 /* Actions.sks */; };
		84004A8920AF3C3100761FB6 /* GameScene.swift in Sources */ = {isa = PBXBuildFile; fileRef = 84004A8820AF3C3100761FB6 /* GameScene.swift */; };
		84004A8B20AF3C3100761FB6 /* GameViewController.swift in Sources */ = {isa = PBXBuildFile; fileRef = 84004A8A20AF3C3100761FB6 /* GameViewController.swift */; };
		84004A8E20AF3C3100761FB6 /* Main.storyboard in Resources */ = {isa = PBXBuildFile; fileRef = 84004A8C20AF3C3100761FB6 /* Main.storyboard */; };
		84004A9020AF3C3100761FB6 /* Assets.xcassets in Resources */ = {isa = PBXBuildFile; fileRef = 84004A8F20AF3C3100761FB6 /* Assets.xcassets */; };
		84004A9320AF3C3100761FB6 /* LaunchScreen.storyboard in Resources */ = {isa = PBXBuildFile; fileRef = 84004A9120AF3C3100761FB6 /* LaunchScreen.storyboard */; };
		84004A9E20AF3C3100761FB6 /* ScholarKidsTests.swift in Sources */ = {isa = PBXBuildFile; fileRef = 84004A9D20AF3C3100761FB6 /* ScholarKidsTests.swift */; };
		84004AA920AF3C3100761FB6 /* ScholarKidsUITests.swift in Sources */ = {isa = PBXBuildFile; fileRef = 84004AA820AF3C3100761FB6 /* ScholarKidsUITests.swift */; };
		8400BBD820B755B00040CC24 /* VocabularySentences1.txt in Resources */ = {isa = PBXBuildFile; fileRef = 8400BBD720B755B00040CC24 /* VocabularySentences1.txt */; };
		8400BBDA20B7939F0040CC24 /* TitleScene.swift in Sources */ = {isa = PBXBuildFile; fileRef = 8400BBD920B7939F0040CC24 /* TitleScene.swift */; };
		8400BBE020B7B8F50040CC24 /* background3.jpg in Resources */ = {isa = PBXBuildFile; fileRef = 8400BBDF20B7B8F50040CC24 /* background3.jpg */; };
		840B92AE20B8C6FC001F8FA3 /* PlayerSelectScene.swift in Sources */ = {isa = PBXBuildFile; fileRef = 840B92AD20B8C6FC001F8FA3 /* PlayerSelectScene.swift */; };
		840B92B020B8C771001F8FA3 /* LevelSelectScene.swift in Sources */ = {isa = PBXBuildFile; fileRef = 840B92AF20B8C771001F8FA3 /* LevelSelectScene.swift */; };
		840B92B420B8D330001F8FA3 /* Players.txt in Resources */ = {isa = PBXBuildFile; fileRef = 840B92B320B8D330001F8FA3 /* Players.txt */; };
		840B92B820B9DB14001F8FA3 /* green_plus-2.png in Resources */ = {isa = PBXBuildFile; fileRef = 840B92B720B9DB14001F8FA3 /* green_plus-2.png */; };
		840B92BC20BB9AFB001F8FA3 /* hotairballoon.png in Resources */ = {isa = PBXBuildFile; fileRef = 840B92BB20BB9AFB001F8FA3 /* hotairballoon.png */; };
		845A42FA20B1312000996714 /* free-backgrounds-17.jpg in Resources */ = {isa = PBXBuildFile; fileRef = 845A42F920B1312000996714 /* free-backgrounds-17.jpg */; };
		84A6951020B0EAEC00D5E212 /* WordSelectScene.swift in Sources */ = {isa = PBXBuildFile; fileRef = 84A6950F20B0EAEC00D5E212 /* WordSelectScene.swift */; };
		84C36AC520B4DB7B00ED9C19 /* VocabularySelectScene.swift in Sources */ = {isa = PBXBuildFile; fileRef = 84C36AC420B4DB7B00ED9C19 /* VocabularySelectScene.swift */; };
		84E8A4B920B24B4000AF7C4C /* Sentences1.txt in Resources */ = {isa = PBXBuildFile; fileRef = 84E8A4B820B24B4000AF7C4C /* Sentences1.txt */; };
		84E8A4C920B3432800AF7C4C /* WordDragScene.swift in Sources */ = {isa = PBXBuildFile; fileRef = 84E8A4C820B3432800AF7C4C /* WordDragScene.swift */; };
		84E8A4CF20B3AD4300AF7C4C /* Adjectives1.txt in Resources */ = {isa = PBXBuildFile; fileRef = 84E8A4CE20B3AD4300AF7C4C /* Adjectives1.txt */; };
		84E8A4D120B3AD4700AF7C4C /* Verbs1.txt in Resources */ = {isa = PBXBuildFile; fileRef = 84E8A4D020B3AD4700AF7C4C /* Verbs1.txt */; };
/* End PBXBuildFile section */

/* Begin PBXContainerItemProxy section */
		84004A9A20AF3C3100761FB6 /* PBXContainerItemProxy */ = {
			isa = PBXContainerItemProxy;
			containerPortal = 84004A7720AF3C3100761FB6 /* Project object */;
			proxyType = 1;
			remoteGlobalIDString = 84004A7E20AF3C3100761FB6;
			remoteInfo = ScholarKids;
		};
		84004AA520AF3C3100761FB6 /* PBXContainerItemProxy */ = {
			isa = PBXContainerItemProxy;
			containerPortal = 84004A7720AF3C3100761FB6 /* Project object */;
			proxyType = 1;
			remoteGlobalIDString = 84004A7E20AF3C3100761FB6;
			remoteInfo = ScholarKids;
		};
/* End PBXContainerItemProxy section */

/* Begin PBXFileReference section */
		040B60B120CF2D340009ED9C /* BackgroundMusic.mp3 */ = {isa = PBXFileReference; lastKnownFileType = audio.mp3; path = BackgroundMusic.mp3; sourceTree = "<group>"; };
		040B60B320CF34CF0009ED9C /* QuizRight.wav */ = {isa = PBXFileReference; lastKnownFileType = audio.wav; path = QuizRight.wav; sourceTree = "<group>"; };
		040B60B420CF34CF0009ED9C /* QuizWrong.wav */ = {isa = PBXFileReference; lastKnownFileType = audio.wav; path = QuizWrong.wav; sourceTree = "<group>"; };
		040B60B720CF5B7A0009ED9C /* backwards.png */ = {isa = PBXFileReference; lastKnownFileType = image.png; name = backwards.png; path = ScholarKids/backwards.png; sourceTree = SOURCE_ROOT; };
		040B60B920D0722E0009ED9C /* background4.png */ = {isa = PBXFileReference; lastKnownFileType = image.png; path = background4.png; sourceTree = "<group>"; };
		040B60BB20D1C14A0009ED9C /* Spelling1.txt */ = {isa = PBXFileReference; fileEncoding = 4; lastKnownFileType = text; name = Spelling1.txt; path = ScholarKids/Sentences/Spelling1.txt; sourceTree = SOURCE_ROOT; };
		040B60BC20D1C14A0009ED9C /* Spelling2.txt */ = {isa = PBXFileReference; fileEncoding = 4; lastKnownFileType = text; name = Spelling2.txt; path = ScholarKids/Sentences/Spelling2.txt; sourceTree = SOURCE_ROOT; };
		040B60BD20D1C14A0009ED9C /* Spelling4.txt */ = {isa = PBXFileReference; fileEncoding = 4; lastKnownFileType = text; name = Spelling4.txt; path = ScholarKids/Sentences/Spelling4.txt; sourceTree = SOURCE_ROOT; };
		040B60BE20D1C14A0009ED9C /* Spelling3.txt */ = {isa = PBXFileReference; fileEncoding = 4; lastKnownFileType = text; name = Spelling3.txt; path = ScholarKids/Sentences/Spelling3.txt; sourceTree = SOURCE_ROOT; };
		040B60BF20D1C14A0009ED9C /* Spelling5.txt */ = {isa = PBXFileReference; fileEncoding = 4; lastKnownFileType = text; name = Spelling5.txt; path = ScholarKids/Sentences/Spelling5.txt; sourceTree = SOURCE_ROOT; };
		040B60C020D1C14A0009ED9C /* Spelling7.txt */ = {isa = PBXFileReference; fileEncoding = 4; lastKnownFileType = text; name = Spelling7.txt; path = ScholarKids/Sentences/Spelling7.txt; sourceTree = SOURCE_ROOT; };
		041354DA20F90E8100CC606D /* ProgressReportScene.swift */ = {isa = PBXFileReference; lastKnownFileType = sourcecode.swift; path = ProgressReportScene.swift; sourceTree = "<group>"; };
		0437526520E19DD700E791F0 /* next.png */ = {isa = PBXFileReference; lastKnownFileType = image.png; path = next.png; sourceTree = "<group>"; };
		0437526620E19DD700E791F0 /* retry.png */ = {isa = PBXFileReference; lastKnownFileType = image.png; path = retry.png; sourceTree = "<group>"; };
		0437526720E19DD700E791F0 /* home.png */ = {isa = PBXFileReference; lastKnownFileType = image.png; path = home.png; sourceTree = "<group>"; };
		0437527320E1C71300E791F0 /* Star3.wav */ = {isa = PBXFileReference; lastKnownFileType = audio.wav; path = Star3.wav; sourceTree = "<group>"; };
		0437527420E1C71300E791F0 /* Star1.wav */ = {isa = PBXFileReference; lastKnownFileType = audio.wav; path = Star1.wav; sourceTree = "<group>"; };
		0437527520E1C71300E791F0 /* Star2.wav */ = {isa = PBXFileReference; lastKnownFileType = audio.wav; path = Star2.wav; sourceTree = "<group>"; };
		0437527920E1C72400E791F0 /* LevelCompleted.wav */ = {isa = PBXFileReference; lastKnownFileType = audio.wav; path = LevelCompleted.wav; sourceTree = "<group>"; };
		0437527B20E1CAE800E791F0 /* WrongProgress.wav */ = {isa = PBXFileReference; lastKnownFileType = audio.wav; path = WrongProgress.wav; sourceTree = "<group>"; };
		0437527C20E1CAE800E791F0 /* CorrectProgress.wav */ = {isa = PBXFileReference; lastKnownFileType = audio.wav; path = CorrectProgress.wav; sourceTree = "<group>"; };
		0437529120E2AE7F00E791F0 /* VocabularyConnectScene.swift */ = {isa = PBXFileReference; lastKnownFileType = sourcecode.swift; name = VocabularyConnectScene.swift; path = /Users/boojawitzmann/Projects/ScholarKids/ScholarKids/VocabularyConnectScene.swift; sourceTree = "<absolute>"; };
		0437529320E4560400E791F0 /* Vocabulary1.txt */ = {isa = PBXFileReference; fileEncoding = 4; lastKnownFileType = text; name = Vocabulary1.txt; path = ScholarKids/Sentences/Vocabulary1.txt; sourceTree = SOURCE_ROOT; };
		0437529420E4560400E791F0 /* Vocabulary2.txt */ = {isa = PBXFileReference; fileEncoding = 4; lastKnownFileType = text; name = Vocabulary2.txt; path = ScholarKids/Sentences/Vocabulary2.txt; sourceTree = SOURCE_ROOT; };
		0437529520E4560400E791F0 /* Vocabulary3.txt */ = {isa = PBXFileReference; fileEncoding = 4; lastKnownFileType = text; name = Vocabulary3.txt; path = ScholarKids/Sentences/Vocabulary3.txt; sourceTree = SOURCE_ROOT; };
		0437529620E4560400E791F0 /* Vocabulary7.txt */ = {isa = PBXFileReference; fileEncoding = 4; lastKnownFileType = text; name = Vocabulary7.txt; path = ScholarKids/Sentences/Vocabulary7.txt; sourceTree = SOURCE_ROOT; };
		0437529720E4560400E791F0 /* Vocabulary4.txt */ = {isa = PBXFileReference; fileEncoding = 4; lastKnownFileType = text; name = Vocabulary4.txt; path = ScholarKids/Sentences/Vocabulary4.txt; sourceTree = SOURCE_ROOT; };
		0437529820E4560400E791F0 /* Vocabulary8.txt */ = {isa = PBXFileReference; fileEncoding = 4; lastKnownFileType = text; name = Vocabulary8.txt; path = ScholarKids/Sentences/Vocabulary8.txt; sourceTree = SOURCE_ROOT; };
		0437529920E4560400E791F0 /* VocabularyK.txt */ = {isa = PBXFileReference; fileEncoding = 4; lastKnownFileType = text; name = VocabularyK.txt; path = ScholarKids/Sentences/VocabularyK.txt; sourceTree = SOURCE_ROOT; };
		0437529A20E4560400E791F0 /* Vocabulary5.txt */ = {isa = PBXFileReference; fileEncoding = 4; lastKnownFileType = text; name = Vocabulary5.txt; path = ScholarKids/Sentences/Vocabulary5.txt; sourceTree = SOURCE_ROOT; };
		0437529B20E4560400E791F0 /* Vocabulary6.txt */ = {isa = PBXFileReference; fileEncoding = 4; lastKnownFileType = text; name = Vocabulary6.txt; path = ScholarKids/Sentences/Vocabulary6.txt; sourceTree = SOURCE_ROOT; };
		043752A520E4725300E791F0 /* WordProblems1.txt */ = {isa = PBXFileReference; fileEncoding = 4; lastKnownFileType = text; name = WordProblems1.txt; path = ScholarKids/Sentences/WordProblems1.txt; sourceTree = SOURCE_ROOT; };
		043752AD20E4861A00E791F0 /* cakes.png */ = {isa = PBXFileReference; lastKnownFileType = image.png; path = cakes.png; sourceTree = "<group>"; };
		043752AE20E4861A00E791F0 /* books.png */ = {isa = PBXFileReference; lastKnownFileType = image.png; path = books.png; sourceTree = "<group>"; };
		043752AF20E4861A00E791F0 /* pencils.png */ = {isa = PBXFileReference; lastKnownFileType = image.png; path = pencils.png; sourceTree = "<group>"; };
		043752B020E4861A00E791F0 /* pies.png */ = {isa = PBXFileReference; lastKnownFileType = image.png; path = pies.png; sourceTree = "<group>"; };
		043752B120E4861A00E791F0 /* cookies.png */ = {isa = PBXFileReference; lastKnownFileType = image.png; path = cookies.png; sourceTree = "<group>"; };
		04421FDF20FA935B00DAD821 /* lock.png */ = {isa = PBXFileReference; lastKnownFileType = image.png; path = lock.png; sourceTree = "<group>"; };
		0445EC5720DC07A5006098ED /* RedLeft.png */ = {isa = PBXFileReference; lastKnownFileType = image.png; path = RedLeft.png; sourceTree = "<group>"; };
		0445EC5920DC7B73006098ED /* GoldStar.png */ = {isa = PBXFileReference; lastKnownFileType = image.png; path = GoldStar.png; sourceTree = "<group>"; };
		0445EC5A20DC7B73006098ED /* BlackStar.png */ = {isa = PBXFileReference; lastKnownFileType = image.png; path = BlackStar.png; sourceTree = "<group>"; };
		0459362D20C12080003D1A6B /* MathDrawScene.swift */ = {isa = PBXFileReference; lastKnownFileType = sourcecode.swift; path = MathDrawScene.swift; sourceTree = "<group>"; };
		04B22B0020D71C9700F3AA69 /* MathDragScene.swift */ = {isa = PBXFileReference; lastKnownFileType = sourcecode.swift; path = MathDragScene.swift; sourceTree = "<group>"; };
		04B22B0220DB6E0E00F3AA69 /* RedButtonSmall.png */ = {isa = PBXFileReference; lastKnownFileType = image.png; path = RedButtonSmall.png; sourceTree = "<group>"; };
		04B22B0320DB6E0E00F3AA69 /* BackwardsClean.png */ = {isa = PBXFileReference; lastKnownFileType = image.png; path = BackwardsClean.png; sourceTree = "<group>"; };
		04B22B0520DB6E0E00F3AA69 /* GoldButton.png */ = {isa = PBXFileReference; lastKnownFileType = image.png; path = GoldButton.png; sourceTree = "<group>"; };
		04B22B0620DB6E0E00F3AA69 /* GreenPlus.png */ = {isa = PBXFileReference; lastKnownFileType = image.png; path = GreenPlus.png; sourceTree = "<group>"; };
		04B22B0720DB6E0E00F3AA69 /* RedButtonBig.png */ = {isa = PBXFileReference; lastKnownFileType = image.png; path = RedButtonBig.png; sourceTree = "<group>"; };
		04B22B0E20DB6EC200F3AA69 /* SilverButton.png */ = {isa = PBXFileReference; lastKnownFileType = image.png; path = SilverButton.png; sourceTree = "<group>"; };
		84004A7F20AF3C3100761FB6 /* ScholarKids.app */ = {isa = PBXFileReference; explicitFileType = wrapper.application; includeInIndex = 0; path = ScholarKids.app; sourceTree = BUILT_PRODUCTS_DIR; };
		84004A8220AF3C3100761FB6 /* AppDelegate.swift */ = {isa = PBXFileReference; lastKnownFileType = sourcecode.swift; path = AppDelegate.swift; sourceTree = "<group>"; };
		84004A8420AF3C3100761FB6 /* GameScene.sks */ = {isa = PBXFileReference; lastKnownFileType = file.sks; path = GameScene.sks; sourceTree = "<group>"; };
		84004A8620AF3C3100761FB6 /* Actions.sks */ = {isa = PBXFileReference; lastKnownFileType = file.sks; path = Actions.sks; sourceTree = "<group>"; };
		84004A8820AF3C3100761FB6 /* GameScene.swift */ = {isa = PBXFileReference; lastKnownFileType = sourcecode.swift; path = GameScene.swift; sourceTree = "<group>"; };
		84004A8A20AF3C3100761FB6 /* GameViewController.swift */ = {isa = PBXFileReference; lastKnownFileType = sourcecode.swift; path = GameViewController.swift; sourceTree = "<group>"; };
		84004A8D20AF3C3100761FB6 /* Base */ = {isa = PBXFileReference; lastKnownFileType = file.storyboard; name = Base; path = Base.lproj/Main.storyboard; sourceTree = "<group>"; };
		84004A8F20AF3C3100761FB6 /* Assets.xcassets */ = {isa = PBXFileReference; lastKnownFileType = folder.assetcatalog; path = Assets.xcassets; sourceTree = "<group>"; };
		84004A9220AF3C3100761FB6 /* Base */ = {isa = PBXFileReference; lastKnownFileType = file.storyboard; name = Base; path = Base.lproj/LaunchScreen.storyboard; sourceTree = "<group>"; };
		84004A9420AF3C3100761FB6 /* Info.plist */ = {isa = PBXFileReference; lastKnownFileType = text.plist.xml; path = Info.plist; sourceTree = "<group>"; };
		84004A9920AF3C3100761FB6 /* ScholarKidsTests.xctest */ = {isa = PBXFileReference; explicitFileType = wrapper.cfbundle; includeInIndex = 0; path = ScholarKidsTests.xctest; sourceTree = BUILT_PRODUCTS_DIR; };
		84004A9D20AF3C3100761FB6 /* ScholarKidsTests.swift */ = {isa = PBXFileReference; lastKnownFileType = sourcecode.swift; path = ScholarKidsTests.swift; sourceTree = "<group>"; };
		84004AA420AF3C3100761FB6 /* ScholarKidsUITests.xctest */ = {isa = PBXFileReference; explicitFileType = wrapper.cfbundle; includeInIndex = 0; path = ScholarKidsUITests.xctest; sourceTree = BUILT_PRODUCTS_DIR; };
		84004AA820AF3C3100761FB6 /* ScholarKidsUITests.swift */ = {isa = PBXFileReference; lastKnownFileType = sourcecode.swift; path = ScholarKidsUITests.swift; sourceTree = "<group>"; };
		8400BBD720B755B00040CC24 /* VocabularySentences1.txt */ = {isa = PBXFileReference; fileEncoding = 4; lastKnownFileType = text; name = VocabularySentences1.txt; path = ScholarKids/VocabularySentences1.txt; sourceTree = SOURCE_ROOT; };
		8400BBD920B7939F0040CC24 /* TitleScene.swift */ = {isa = PBXFileReference; lastKnownFileType = sourcecode.swift; path = TitleScene.swift; sourceTree = "<group>"; };
		8400BBDF20B7B8F50040CC24 /* background3.jpg */ = {isa = PBXFileReference; lastKnownFileType = image.jpeg; name = background3.jpg; path = ScholarKids/background3.jpg; sourceTree = SOURCE_ROOT; };
		840B92AD20B8C6FC001F8FA3 /* PlayerSelectScene.swift */ = {isa = PBXFileReference; lastKnownFileType = sourcecode.swift; path = PlayerSelectScene.swift; sourceTree = "<group>"; };
		840B92AF20B8C771001F8FA3 /* LevelSelectScene.swift */ = {isa = PBXFileReference; lastKnownFileType = sourcecode.swift; path = LevelSelectScene.swift; sourceTree = "<group>"; };
		840B92B320B8D330001F8FA3 /* Players.txt */ = {isa = PBXFileReference; fileEncoding = 4; lastKnownFileType = text; name = Players.txt; path = ScholarKids/Players.txt; sourceTree = SOURCE_ROOT; };
		840B92B720B9DB14001F8FA3 /* green_plus-2.png */ = {isa = PBXFileReference; lastKnownFileType = image.png; path = "green_plus-2.png"; sourceTree = "<group>"; };
		840B92BB20BB9AFB001F8FA3 /* hotairballoon.png */ = {isa = PBXFileReference; lastKnownFileType = image.png; name = hotairballoon.png; path = ScholarKids/hotairballoon.png; sourceTree = SOURCE_ROOT; };
		845A42F920B1312000996714 /* free-backgrounds-17.jpg */ = {isa = PBXFileReference; lastKnownFileType = image.jpeg; path = "free-backgrounds-17.jpg"; sourceTree = "<group>"; };
		84A6950F20B0EAEC00D5E212 /* WordSelectScene.swift */ = {isa = PBXFileReference; fileEncoding = 4; lastKnownFileType = sourcecode.swift; path = WordSelectScene.swift; sourceTree = "<group>"; };
		84C36AC420B4DB7B00ED9C19 /* VocabularySelectScene.swift */ = {isa = PBXFileReference; lastKnownFileType = sourcecode.swift; path = VocabularySelectScene.swift; sourceTree = "<group>"; };
		84E8A4B820B24B4000AF7C4C /* Sentences1.txt */ = {isa = PBXFileReference; fileEncoding = 4; lastKnownFileType = text; path = Sentences1.txt; sourceTree = "<group>"; };
		84E8A4C820B3432800AF7C4C /* WordDragScene.swift */ = {isa = PBXFileReference; fileEncoding = 4; lastKnownFileType = sourcecode.swift; path = WordDragScene.swift; sourceTree = "<group>"; };
		84E8A4CE20B3AD4300AF7C4C /* Adjectives1.txt */ = {isa = PBXFileReference; fileEncoding = 4; lastKnownFileType = text; path = Adjectives1.txt; sourceTree = "<group>"; };
		84E8A4D020B3AD4700AF7C4C /* Verbs1.txt */ = {isa = PBXFileReference; fileEncoding = 4; lastKnownFileType = text; path = Verbs1.txt; sourceTree = "<group>"; };
/* End PBXFileReference section */

/* Begin PBXFrameworksBuildPhase section */
		84004A7C20AF3C3100761FB6 /* Frameworks */ = {
			isa = PBXFrameworksBuildPhase;
			buildActionMask = 2147483647;
			files = (
			);
			runOnlyForDeploymentPostprocessing = 0;
		};
		84004A9620AF3C3100761FB6 /* Frameworks */ = {
			isa = PBXFrameworksBuildPhase;
			buildActionMask = 2147483647;
			files = (
			);
			runOnlyForDeploymentPostprocessing = 0;
		};
		84004AA120AF3C3100761FB6 /* Frameworks */ = {
			isa = PBXFrameworksBuildPhase;
			buildActionMask = 2147483647;
			files = (
			);
			runOnlyForDeploymentPostprocessing = 0;
		};
/* End PBXFrameworksBuildPhase section */

/* Begin PBXGroup section */
		84004A7620AF3C3100761FB6 = {
			isa = PBXGroup;
			children = (
				84004A8120AF3C3100761FB6 /* ScholarKids */,
				84004A9C20AF3C3100761FB6 /* ScholarKidsTests */,
				84004AA720AF3C3100761FB6 /* ScholarKidsUITests */,
				84004A8020AF3C3100761FB6 /* Products */,
			);
			sourceTree = "<group>";
		};
		84004A8020AF3C3100761FB6 /* Products */ = {
			isa = PBXGroup;
			children = (
				84004A7F20AF3C3100761FB6 /* ScholarKids.app */,
				84004A9920AF3C3100761FB6 /* ScholarKidsTests.xctest */,
				84004AA420AF3C3100761FB6 /* ScholarKidsUITests.xctest */,
			);
			name = Products;
			sourceTree = "<group>";
		};
		84004A8120AF3C3100761FB6 /* ScholarKids */ = {
			isa = PBXGroup;
			children = (
				84004A8A20AF3C3100761FB6 /* GameViewController.swift */,
				84004A8820AF3C3100761FB6 /* GameScene.swift */,
				8400BBD920B7939F0040CC24 /* TitleScene.swift */,
				840B92AD20B8C6FC001F8FA3 /* PlayerSelectScene.swift */,
				840B92AF20B8C771001F8FA3 /* LevelSelectScene.swift */,
				041354DA20F90E8100CC606D /* ProgressReportScene.swift */,
				0459362D20C12080003D1A6B /* MathDrawScene.swift */,
				04B22B0020D71C9700F3AA69 /* MathDragScene.swift */,
				84A6950F20B0EAEC00D5E212 /* WordSelectScene.swift */,
				84E8A4C820B3432800AF7C4C /* WordDragScene.swift */,
				84C36AC420B4DB7B00ED9C19 /* VocabularySelectScene.swift */,
				0437529120E2AE7F00E791F0 /* VocabularyConnectScene.swift */,
				84004A8C20AF3C3100761FB6 /* Main.storyboard */,
				84004A8220AF3C3100761FB6 /* AppDelegate.swift */,
				84004A8420AF3C3100761FB6 /* GameScene.sks */,
				84004A8620AF3C3100761FB6 /* Actions.sks */,
				84004A8F20AF3C3100761FB6 /* Assets.xcassets */,
				84004A9120AF3C3100761FB6 /* LaunchScreen.storyboard */,
				84004A9420AF3C3100761FB6 /* Info.plist */,
				84409F1C20B4E6320008F6D5 /* images */,
				84409F3220B4E6320008F6D5 /* sounds */,
				84409ED220B4DF4D0008F6D5 /* Resources */,
			);
			path = ScholarKids;
			sourceTree = "<group>";
		};
		84004A9C20AF3C3100761FB6 /* ScholarKidsTests */ = {
			isa = PBXGroup;
			children = (
				84004A9D20AF3C3100761FB6 /* ScholarKidsTests.swift */,
			);
			path = ScholarKidsTests;
			sourceTree = "<group>";
		};
		84004AA720AF3C3100761FB6 /* ScholarKidsUITests */ = {
			isa = PBXGroup;
			children = (
				84004AA820AF3C3100761FB6 /* ScholarKidsUITests.swift */,
			);
			path = ScholarKidsUITests;
			sourceTree = "<group>";
		};
		84409ED220B4DF4D0008F6D5 /* Resources */ = {
			isa = PBXGroup;
			children = (
				043752A520E4725300E791F0 /* WordProblems1.txt */,
				0437529920E4560400E791F0 /* VocabularyK.txt */,
				0437529320E4560400E791F0 /* Vocabulary1.txt */,
				0437529420E4560400E791F0 /* Vocabulary2.txt */,
				0437529520E4560400E791F0 /* Vocabulary3.txt */,
				0437529720E4560400E791F0 /* Vocabulary4.txt */,
				0437529A20E4560400E791F0 /* Vocabulary5.txt */,
				0437529B20E4560400E791F0 /* Vocabulary6.txt */,
				0437529620E4560400E791F0 /* Vocabulary7.txt */,
				0437529820E4560400E791F0 /* Vocabulary8.txt */,
				040B60BB20D1C14A0009ED9C /* Spelling1.txt */,
				040B60BC20D1C14A0009ED9C /* Spelling2.txt */,
				040B60BE20D1C14A0009ED9C /* Spelling3.txt */,
				040B60BD20D1C14A0009ED9C /* Spelling4.txt */,
				040B60BF20D1C14A0009ED9C /* Spelling5.txt */,
				040B60C020D1C14A0009ED9C /* Spelling7.txt */,
				840B92B320B8D330001F8FA3 /* Players.txt */,
				8400BBD720B755B00040CC24 /* VocabularySentences1.txt */,
				84E8A4D020B3AD4700AF7C4C /* Verbs1.txt */,
				84E8A4CE20B3AD4300AF7C4C /* Adjectives1.txt */,
				84E8A4B820B24B4000AF7C4C /* Sentences1.txt */,
			);
			path = Resources;
			sourceTree = "<group>";
		};
		84409F1C20B4E6320008F6D5 /* images */ = {
			isa = PBXGroup;
			children = (
				04421FDF20FA935B00DAD821 /* lock.png */,
				043752AE20E4861A00E791F0 /* books.png */,
				043752AD20E4861A00E791F0 /* cakes.png */,
				043752B120E4861A00E791F0 /* cookies.png */,
				043752AF20E4861A00E791F0 /* pencils.png */,
				043752B020E4861A00E791F0 /* pies.png */,
				0437526720E19DD700E791F0 /* home.png */,
				0437526520E19DD700E791F0 /* next.png */,
				0437526620E19DD700E791F0 /* retry.png */,
				0445EC5A20DC7B73006098ED /* BlackStar.png */,
				0445EC5920DC7B73006098ED /* GoldStar.png */,
				0445EC5720DC07A5006098ED /* RedLeft.png */,
				04B22B0320DB6E0E00F3AA69 /* BackwardsClean.png */,
				04B22B0520DB6E0E00F3AA69 /* GoldButton.png */,
				04B22B0620DB6E0E00F3AA69 /* GreenPlus.png */,
				04B22B0720DB6E0E00F3AA69 /* RedButtonBig.png */,
				04B22B0220DB6E0E00F3AA69 /* RedButtonSmall.png */,
				04B22B0E20DB6EC200F3AA69 /* SilverButton.png */,
				040B60B720CF5B7A0009ED9C /* backwards.png */,
				845A42F920B1312000996714 /* free-backgrounds-17.jpg */,
				840B92BB20BB9AFB001F8FA3 /* hotairballoon.png */,
				840B92B720B9DB14001F8FA3 /* green_plus-2.png */,
				040B60B920D0722E0009ED9C /* background4.png */,
				8400BBDF20B7B8F50040CC24 /* background3.jpg */,
			);
			path = images;
			sourceTree = "<group>";
		};
		84409F3220B4E6320008F6D5 /* sounds */ = {
			isa = PBXGroup;
			children = (
				0437527C20E1CAE800E791F0 /* CorrectProgress.wav */,
				0437527B20E1CAE800E791F0 /* WrongProgress.wav */,
				0437527920E1C72400E791F0 /* LevelCompleted.wav */,
				0437527420E1C71300E791F0 /* Star1.wav */,
				0437527520E1C71300E791F0 /* Star2.wav */,
				0437527320E1C71300E791F0 /* Star3.wav */,
				040B60B320CF34CF0009ED9C /* QuizRight.wav */,
				040B60B420CF34CF0009ED9C /* QuizWrong.wav */,
				040B60B120CF2D340009ED9C /* BackgroundMusic.mp3 */,
			);
			path = sounds;
			sourceTree = "<group>";
		};
/* End PBXGroup section */

/* Begin PBXNativeTarget section */
		84004A7E20AF3C3100761FB6 /* ScholarKids */ = {
			isa = PBXNativeTarget;
			buildConfigurationList = 84004AAD20AF3C3100761FB6 /* Build configuration list for PBXNativeTarget "ScholarKids" */;
			buildPhases = (
				84004A7B20AF3C3100761FB6 /* Sources */,
				84004A7C20AF3C3100761FB6 /* Frameworks */,
				84004A7D20AF3C3100761FB6 /* Resources */,
			);
			buildRules = (
			);
			dependencies = (
			);
			name = ScholarKids;
			productName = ScholarKids;
			productReference = 84004A7F20AF3C3100761FB6 /* ScholarKids.app */;
			productType = "com.apple.product-type.application";
		};
		84004A9820AF3C3100761FB6 /* ScholarKidsTests */ = {
			isa = PBXNativeTarget;
			buildConfigurationList = 84004AB020AF3C3100761FB6 /* Build configuration list for PBXNativeTarget "ScholarKidsTests" */;
			buildPhases = (
				84004A9520AF3C3100761FB6 /* Sources */,
				84004A9620AF3C3100761FB6 /* Frameworks */,
				84004A9720AF3C3100761FB6 /* Resources */,
			);
			buildRules = (
			);
			dependencies = (
				84004A9B20AF3C3100761FB6 /* PBXTargetDependency */,
			);
			name = ScholarKidsTests;
			productName = ScholarKidsTests;
			productReference = 84004A9920AF3C3100761FB6 /* ScholarKidsTests.xctest */;
			productType = "com.apple.product-type.bundle.unit-test";
		};
		84004AA320AF3C3100761FB6 /* ScholarKidsUITests */ = {
			isa = PBXNativeTarget;
			buildConfigurationList = 84004AB320AF3C3100761FB6 /* Build configuration list for PBXNativeTarget "ScholarKidsUITests" */;
			buildPhases = (
				84004AA020AF3C3100761FB6 /* Sources */,
				84004AA120AF3C3100761FB6 /* Frameworks */,
				84004AA220AF3C3100761FB6 /* Resources */,
			);
			buildRules = (
			);
			dependencies = (
				84004AA620AF3C3100761FB6 /* PBXTargetDependency */,
			);
			name = ScholarKidsUITests;
			productName = ScholarKidsUITests;
			productReference = 84004AA420AF3C3100761FB6 /* ScholarKidsUITests.xctest */;
			productType = "com.apple.product-type.bundle.ui-testing";
		};
/* End PBXNativeTarget section */

/* Begin PBXProject section */
		84004A7720AF3C3100761FB6 /* Project object */ = {
			isa = PBXProject;
			attributes = {
				LastSwiftUpdateCheck = 0830;
				LastUpgradeCheck = 0830;
				ORGANIZATIONNAME = "Doug Price";
				TargetAttributes = {
					84004A7E20AF3C3100761FB6 = {
						CreatedOnToolsVersion = 8.3.3;
						DevelopmentTeam = 79C8AE88Z7;
						ProvisioningStyle = Automatic;
					};
					84004A9820AF3C3100761FB6 = {
						CreatedOnToolsVersion = 8.3.3;
						ProvisioningStyle = Automatic;
						TestTargetID = 84004A7E20AF3C3100761FB6;
					};
					84004AA320AF3C3100761FB6 = {
						CreatedOnToolsVersion = 8.3.3;
						ProvisioningStyle = Automatic;
						TestTargetID = 84004A7E20AF3C3100761FB6;
					};
				};
			};
			buildConfigurationList = 84004A7A20AF3C3100761FB6 /* Build configuration list for PBXProject "ScholarKids" */;
			compatibilityVersion = "Xcode 3.2";
			developmentRegion = English;
			hasScannedForEncodings = 0;
			knownRegions = (
				en,
				Base,
			);
			mainGroup = 84004A7620AF3C3100761FB6;
			productRefGroup = 84004A8020AF3C3100761FB6 /* Products */;
			projectDirPath = "";
			projectRoot = "";
			targets = (
				84004A7E20AF3C3100761FB6 /* ScholarKids */,
				84004A9820AF3C3100761FB6 /* ScholarKidsTests */,
				84004AA320AF3C3100761FB6 /* ScholarKidsUITests */,
			);
		};
/* End PBXProject section */

/* Begin PBXResourcesBuildPhase section */
		84004A7D20AF3C3100761FB6 /* Resources */ = {
			isa = PBXResourcesBuildPhase;
			buildActionMask = 2147483647;
			files = (
				043752A620E4725300E791F0 /* WordProblems1.txt in Resources */,
				84E8A4CF20B3AD4300AF7C4C /* Adjectives1.txt in Resources */,
				8400BBE020B7B8F50040CC24 /* background3.jpg in Resources */,
				043752A320E4560400E791F0 /* Vocabulary5.txt in Resources */,
				0437527A20E1C72400E791F0 /* LevelCompleted.wav in Resources */,
				840B92BC20BB9AFB001F8FA3 /* hotairballoon.png in Resources */,
				043752B320E4861A00E791F0 /* books.png in Resources */,
				840B92B820B9DB14001F8FA3 /* green_plus-2.png in Resources */,
				043752A120E4560400E791F0 /* Vocabulary8.txt in Resources */,
				0437529D20E4560400E791F0 /* Vocabulary2.txt in Resources */,
				043752B520E4861A00E791F0 /* pies.png in Resources */,
				04B22B0F20DB6EC200F3AA69 /* SilverButton.png in Resources */,
				04B22B0C20DB6E0E00F3AA69 /* GreenPlus.png in Resources */,
				043752A420E4560400E791F0 /* Vocabulary6.txt in Resources */,
				0437529C20E4560400E791F0 /* Vocabulary1.txt in Resources */,
				043752B620E4861A00E791F0 /* cookies.png in Resources */,
				84E8A4D120B3AD4700AF7C4C /* Verbs1.txt in Resources */,
				040B60C320D1C14A0009ED9C /* Spelling4.txt in Resources */,
				040B60C220D1C14A0009ED9C /* Spelling2.txt in Resources */,
				0437526920E19DD700E791F0 /* retry.png in Resources */,
				0437527E20E1CAE800E791F0 /* CorrectProgress.wav in Resources */,
				040B60B620CF34D00009ED9C /* QuizWrong.wav in Resources */,
				0437527D20E1CAE800E791F0 /* WrongProgress.wav in Resources */,
				0445EC5B20DC7B73006098ED /* GoldStar.png in Resources */,
				04421FE020FA935C00DAD821 /* lock.png in Resources */,
				043752B220E4861A00E791F0 /* cakes.png in Resources */,
				845A42FA20B1312000996714 /* free-backgrounds-17.jpg in Resources */,
				043752B420E4861A00E791F0 /* pencils.png in Resources */,
				0437526A20E19DD700E791F0 /* home.png in Resources */,
				840B92B420B8D330001F8FA3 /* Players.txt in Resources */,
				84004A8E20AF3C3100761FB6 /* Main.storyboard in Resources */,
				04B22B0820DB6E0E00F3AA69 /* RedButtonSmall.png in Resources */,
				84004A8520AF3C3100761FB6 /* GameScene.sks in Resources */,
				84004A9020AF3C3100761FB6 /* Assets.xcassets in Resources */,
				040B60C120D1C14A0009ED9C /* Spelling1.txt in Resources */,
				0437526820E19DD700E791F0 /* next.png in Resources */,
				040B60C420D1C14A0009ED9C /* Spelling3.txt in Resources */,
				040B60B520CF34D00009ED9C /* QuizRight.wav in Resources */,
				0437529F20E4560400E791F0 /* Vocabulary7.txt in Resources */,
				84004A9320AF3C3100761FB6 /* LaunchScreen.storyboard in Resources */,
				0437527820E1C71300E791F0 /* Star2.wav in Resources */,
				040B60B220CF2D340009ED9C /* BackgroundMusic.mp3 in Resources */,
				8400BBD820B755B00040CC24 /* VocabularySentences1.txt in Resources */,
				84E8A4B920B24B4000AF7C4C /* Sentences1.txt in Resources */,
				040B60C520D1C14A0009ED9C /* Spelling5.txt in Resources */,
				040B60B820CF5B7B0009ED9C /* backwards.png in Resources */,
				04B22B0D20DB6E0E00F3AA69 /* RedButtonBig.png in Resources */,
				04B22B0920DB6E0E00F3AA69 /* BackwardsClean.png in Resources */,
				0437527720E1C71300E791F0 /* Star1.wav in Resources */,
				043752A220E4560400E791F0 /* VocabularyK.txt in Resources */,
				043752A020E4560400E791F0 /* Vocabulary4.txt in Resources */,
				0437527620E1C71300E791F0 /* Star3.wav in Resources */,
				84004A8720AF3C3100761FB6 /* Actions.sks in Resources */,
				040B60C620D1C14A0009ED9C /* Spelling7.txt in Resources */,
				0437529E20E4560400E791F0 /* Vocabulary3.txt in Resources */,
				0445EC5820DC07A5006098ED /* RedLeft.png in Resources */,
				040B60BA20D0722E0009ED9C /* background4.png in Resources */,
				0445EC5C20DC7B73006098ED /* BlackStar.png in Resources */,
				04B22B0B20DB6E0E00F3AA69 /* GoldButton.png in Resources */,
			);
			runOnlyForDeploymentPostprocessing = 0;
		};
		84004A9720AF3C3100761FB6 /* Resources */ = {
			isa = PBXResourcesBuildPhase;
			buildActionMask = 2147483647;
			files = (
			);
			runOnlyForDeploymentPostprocessing = 0;
		};
		84004AA220AF3C3100761FB6 /* Resources */ = {
			isa = PBXResourcesBuildPhase;
			buildActionMask = 2147483647;
			files = (
			);
			runOnlyForDeploymentPostprocessing = 0;
		};
/* End PBXResourcesBuildPhase section */

/* Begin PBXSourcesBuildPhase section */
		84004A7B20AF3C3100761FB6 /* Sources */ = {
			isa = PBXSourcesBuildPhase;
			buildActionMask = 2147483647;
			files = (
				04B22B0120D71C9700F3AA69 /* MathDragScene.swift in Sources */,
				840B92AE20B8C6FC001F8FA3 /* PlayerSelectScene.swift in Sources */,
				0437529220E2AE8000E791F0 /* VocabularyConnectScene.swift in Sources */,
				84C36AC520B4DB7B00ED9C19 /* VocabularySelectScene.swift in Sources */,
				84E8A4C920B3432800AF7C4C /* WordDragScene.swift in Sources */,
				84004A8920AF3C3100761FB6 /* GameScene.swift in Sources */,
				8400BBDA20B7939F0040CC24 /* TitleScene.swift in Sources */,
				84004A8B20AF3C3100761FB6 /* GameViewController.swift in Sources */,
				84A6951020B0EAEC00D5E212 /* WordSelectScene.swift in Sources */,
				0459362E20C12080003D1A6B /* MathDrawScene.swift in Sources */,
				84004A8320AF3C3100761FB6 /* AppDelegate.swift in Sources */,
				840B92B020B8C771001F8FA3 /* LevelSelectScene.swift in Sources */,
				041354DB20F90E8100CC606D /* ProgressReportScene.swift in Sources */,
			);
			runOnlyForDeploymentPostprocessing = 0;
		};
		84004A9520AF3C3100761FB6 /* Sources */ = {
			isa = PBXSourcesBuildPhase;
			buildActionMask = 2147483647;
			files = (
				84004A9E20AF3C3100761FB6 /* ScholarKidsTests.swift in Sources */,
			);
			runOnlyForDeploymentPostprocessing = 0;
		};
		84004AA020AF3C3100761FB6 /* Sources */ = {
			isa = PBXSourcesBuildPhase;
			buildActionMask = 2147483647;
			files = (
				84004AA920AF3C3100761FB6 /* ScholarKidsUITests.swift in Sources */,
			);
			runOnlyForDeploymentPostprocessing = 0;
		};
/* End PBXSourcesBuildPhase section */

/* Begin PBXTargetDependency section */
		84004A9B20AF3C3100761FB6 /* PBXTargetDependency */ = {
			isa = PBXTargetDependency;
			target = 84004A7E20AF3C3100761FB6 /* ScholarKids */;
			targetProxy = 84004A9A20AF3C3100761FB6 /* PBXContainerItemProxy */;
		};
		84004AA620AF3C3100761FB6 /* PBXTargetDependency */ = {
			isa = PBXTargetDependency;
			target = 84004A7E20AF3C3100761FB6 /* ScholarKids */;
			targetProxy = 84004AA520AF3C3100761FB6 /* PBXContainerItemProxy */;
		};
/* End PBXTargetDependency section */

/* Begin PBXVariantGroup section */
		84004A8C20AF3C3100761FB6 /* Main.storyboard */ = {
			isa = PBXVariantGroup;
			children = (
				84004A8D20AF3C3100761FB6 /* Base */,
			);
			name = Main.storyboard;
			sourceTree = "<group>";
		};
		84004A9120AF3C3100761FB6 /* LaunchScreen.storyboard */ = {
			isa = PBXVariantGroup;
			children = (
				84004A9220AF3C3100761FB6 /* Base */,
			);
			name = LaunchScreen.storyboard;
			sourceTree = "<group>";
		};
/* End PBXVariantGroup section */

/* Begin XCBuildConfiguration section */
		84004AAB20AF3C3100761FB6 /* Debug */ = {
			isa = XCBuildConfiguration;
			buildSettings = {
				ALWAYS_SEARCH_USER_PATHS = NO;
				CLANG_ANALYZER_NONNULL = YES;
				CLANG_ANALYZER_NUMBER_OBJECT_CONVERSION = YES_AGGRESSIVE;
				CLANG_CXX_LANGUAGE_STANDARD = "gnu++0x";
				CLANG_CXX_LIBRARY = "libc++";
				CLANG_ENABLE_MODULES = YES;
				CLANG_ENABLE_OBJC_ARC = YES;
				CLANG_WARN_BOOL_CONVERSION = YES;
				CLANG_WARN_CONSTANT_CONVERSION = YES;
				CLANG_WARN_DIRECT_OBJC_ISA_USAGE = YES_ERROR;
				CLANG_WARN_DOCUMENTATION_COMMENTS = YES;
				CLANG_WARN_EMPTY_BODY = YES;
				CLANG_WARN_ENUM_CONVERSION = YES;
				CLANG_WARN_INFINITE_RECURSION = YES;
				CLANG_WARN_INT_CONVERSION = YES;
				CLANG_WARN_OBJC_ROOT_CLASS = YES_ERROR;
				CLANG_WARN_SUSPICIOUS_MOVE = YES;
				CLANG_WARN_UNREACHABLE_CODE = YES;
				CLANG_WARN__DUPLICATE_METHOD_MATCH = YES;
				"CODE_SIGN_IDENTITY[sdk=iphoneos*]" = "iPhone Developer";
				COPY_PHASE_STRIP = NO;
				DEBUG_INFORMATION_FORMAT = dwarf;
				ENABLE_STRICT_OBJC_MSGSEND = YES;
				ENABLE_TESTABILITY = YES;
				GCC_C_LANGUAGE_STANDARD = gnu99;
				GCC_DYNAMIC_NO_PIC = NO;
				GCC_NO_COMMON_BLOCKS = YES;
				GCC_OPTIMIZATION_LEVEL = 0;
				GCC_PREPROCESSOR_DEFINITIONS = (
					"DEBUG=1",
					"$(inherited)",
				);
				GCC_WARN_64_TO_32_BIT_CONVERSION = YES;
				GCC_WARN_ABOUT_RETURN_TYPE = YES_ERROR;
				GCC_WARN_UNDECLARED_SELECTOR = YES;
				GCC_WARN_UNINITIALIZED_AUTOS = YES_AGGRESSIVE;
				GCC_WARN_UNUSED_FUNCTION = YES;
				GCC_WARN_UNUSED_VARIABLE = YES;
				IPHONEOS_DEPLOYMENT_TARGET = 10.3;
				MTL_ENABLE_DEBUG_INFO = YES;
				ONLY_ACTIVE_ARCH = YES;
				SDKROOT = iphoneos;
				SWIFT_ACTIVE_COMPILATION_CONDITIONS = DEBUG;
				SWIFT_OPTIMIZATION_LEVEL = "-Onone";
				TARGETED_DEVICE_FAMILY = "1,2";
			};
			name = Debug;
		};
		84004AAC20AF3C3100761FB6 /* Release */ = {
			isa = XCBuildConfiguration;
			buildSettings = {
				ALWAYS_SEARCH_USER_PATHS = NO;
				CLANG_ANALYZER_NONNULL = YES;
				CLANG_ANALYZER_NUMBER_OBJECT_CONVERSION = YES_AGGRESSIVE;
				CLANG_CXX_LANGUAGE_STANDARD = "gnu++0x";
				CLANG_CXX_LIBRARY = "libc++";
				CLANG_ENABLE_MODULES = YES;
				CLANG_ENABLE_OBJC_ARC = YES;
				CLANG_WARN_BOOL_CONVERSION = YES;
				CLANG_WARN_CONSTANT_CONVERSION = YES;
				CLANG_WARN_DIRECT_OBJC_ISA_USAGE = YES_ERROR;
				CLANG_WARN_DOCUMENTATION_COMMENTS = YES;
				CLANG_WARN_EMPTY_BODY = YES;
				CLANG_WARN_ENUM_CONVERSION = YES;
				CLANG_WARN_INFINITE_RECURSION = YES;
				CLANG_WARN_INT_CONVERSION = YES;
				CLANG_WARN_OBJC_ROOT_CLASS = YES_ERROR;
				CLANG_WARN_SUSPICIOUS_MOVE = YES;
				CLANG_WARN_UNREACHABLE_CODE = YES;
				CLANG_WARN__DUPLICATE_METHOD_MATCH = YES;
				"CODE_SIGN_IDENTITY[sdk=iphoneos*]" = "iPhone Developer";
				COPY_PHASE_STRIP = NO;
				DEBUG_INFORMATION_FORMAT = "dwarf-with-dsym";
				ENABLE_NS_ASSERTIONS = NO;
				ENABLE_STRICT_OBJC_MSGSEND = YES;
				GCC_C_LANGUAGE_STANDARD = gnu99;
				GCC_NO_COMMON_BLOCKS = YES;
				GCC_WARN_64_TO_32_BIT_CONVERSION = YES;
				GCC_WARN_ABOUT_RETURN_TYPE = YES_ERROR;
				GCC_WARN_UNDECLARED_SELECTOR = YES;
				GCC_WARN_UNINITIALIZED_AUTOS = YES_AGGRESSIVE;
				GCC_WARN_UNUSED_FUNCTION = YES;
				GCC_WARN_UNUSED_VARIABLE = YES;
				IPHONEOS_DEPLOYMENT_TARGET = 10.3;
				MTL_ENABLE_DEBUG_INFO = NO;
				SDKROOT = iphoneos;
				SWIFT_OPTIMIZATION_LEVEL = "-Owholemodule";
				TARGETED_DEVICE_FAMILY = "1,2";
				VALIDATE_PRODUCT = YES;
			};
			name = Release;
		};
		84004AAE20AF3C3100761FB6 /* Debug */ = {
			isa = XCBuildConfiguration;
			buildSettings = {
				ASSETCATALOG_COMPILER_APPICON_NAME = AppIcon;
				DEVELOPMENT_TEAM = 79C8AE88Z7;
				INFOPLIST_FILE = ScholarKids/Info.plist;
				LD_RUNPATH_SEARCH_PATHS = "$(inherited) @executable_path/Frameworks";
				PRODUCT_BUNDLE_IDENTIFIER = DougPersonal.ScholarKids;
				PRODUCT_NAME = "$(TARGET_NAME)";
				SWIFT_VERSION = 3.0;
			};
			name = Debug;
		};
		84004AAF20AF3C3100761FB6 /* Release */ = {
			isa = XCBuildConfiguration;
			buildSettings = {
				ASSETCATALOG_COMPILER_APPICON_NAME = AppIcon;
				DEVELOPMENT_TEAM = 79C8AE88Z7;
				INFOPLIST_FILE = ScholarKids/Info.plist;
				LD_RUNPATH_SEARCH_PATHS = "$(inherited) @executable_path/Frameworks";
				PRODUCT_BUNDLE_IDENTIFIER = DougPersonal.ScholarKids;
				PRODUCT_NAME = "$(TARGET_NAME)";
				SWIFT_VERSION = 3.0;
			};
			name = Release;
		};
		84004AB120AF3C3100761FB6 /* Debug */ = {
			isa = XCBuildConfiguration;
			buildSettings = {
				ALWAYS_EMBED_SWIFT_STANDARD_LIBRARIES = YES;
				BUNDLE_LOADER = "$(TEST_HOST)";
				INFOPLIST_FILE = ScholarKidsTests/Info.plist;
				LD_RUNPATH_SEARCH_PATHS = "$(inherited) @executable_path/Frameworks @loader_path/Frameworks";
				PRODUCT_BUNDLE_IDENTIFIER = DougPersonal.ScholarKidsTests;
				PRODUCT_NAME = "$(TARGET_NAME)";
				SWIFT_VERSION = 3.0;
				TEST_HOST = "$(BUILT_PRODUCTS_DIR)/ScholarKids.app/ScholarKids";
			};
			name = Debug;
		};
		84004AB220AF3C3100761FB6 /* Release */ = {
			isa = XCBuildConfiguration;
			buildSettings = {
				ALWAYS_EMBED_SWIFT_STANDARD_LIBRARIES = YES;
				BUNDLE_LOADER = "$(TEST_HOST)";
				INFOPLIST_FILE = ScholarKidsTests/Info.plist;
				LD_RUNPATH_SEARCH_PATHS = "$(inherited) @executable_path/Frameworks @loader_path/Frameworks";
				PRODUCT_BUNDLE_IDENTIFIER = DougPersonal.ScholarKidsTests;
				PRODUCT_NAME = "$(TARGET_NAME)";
				SWIFT_VERSION = 3.0;
				TEST_HOST = "$(BUILT_PRODUCTS_DIR)/ScholarKids.app/ScholarKids";
			};
			name = Release;
		};
		84004AB420AF3C3100761FB6 /* Debug */ = {
			isa = XCBuildConfiguration;
			buildSettings = {
				ALWAYS_EMBED_SWIFT_STANDARD_LIBRARIES = YES;
				INFOPLIST_FILE = ScholarKidsUITests/Info.plist;
				LD_RUNPATH_SEARCH_PATHS = "$(inherited) @executable_path/Frameworks @loader_path/Frameworks";
				PRODUCT_BUNDLE_IDENTIFIER = DougPersonal.ScholarKidsUITests;
				PRODUCT_NAME = "$(TARGET_NAME)";
				SWIFT_VERSION = 3.0;
				TEST_TARGET_NAME = ScholarKids;
			};
			name = Debug;
		};
		84004AB520AF3C3100761FB6 /* Release */ = {
			isa = XCBuildConfiguration;
			buildSettings = {
				ALWAYS_EMBED_SWIFT_STANDARD_LIBRARIES = YES;
				INFOPLIST_FILE = ScholarKidsUITests/Info.plist;
				LD_RUNPATH_SEARCH_PATHS = "$(inherited) @executable_path/Frameworks @loader_path/Frameworks";
				PRODUCT_BUNDLE_IDENTIFIER = DougPersonal.ScholarKidsUITests;
				PRODUCT_NAME = "$(TARGET_NAME)";
				SWIFT_VERSION = 3.0;
				TEST_TARGET_NAME = ScholarKids;
			};
			name = Release;
		};
/* End XCBuildConfiguration section */

/* Begin XCConfigurationList section */
		84004A7A20AF3C3100761FB6 /* Build configuration list for PBXProject "ScholarKids" */ = {
			isa = XCConfigurationList;
			buildConfigurations = (
				84004AAB20AF3C3100761FB6 /* Debug */,
				84004AAC20AF3C3100761FB6 /* Release */,
			);
			defaultConfigurationIsVisible = 0;
			defaultConfigurationName = Release;
		};
		84004AAD20AF3C3100761FB6 /* Build configuration list for PBXNativeTarget "ScholarKids" */ = {
			isa = XCConfigurationList;
			buildConfigurations = (
				84004AAE20AF3C3100761FB6 /* Debug */,
				84004AAF20AF3C3100761FB6 /* Release */,
			);
			defaultConfigurationIsVisible = 0;
			defaultConfigurationName = Release;
		};
		84004AB020AF3C3100761FB6 /* Build configuration list for PBXNativeTarget "ScholarKidsTests" */ = {
			isa = XCConfigurationList;
			buildConfigurations = (
				84004AB120AF3C3100761FB6 /* Debug */,
				84004AB220AF3C3100761FB6 /* Release */,
			);
			defaultConfigurationIsVisible = 0;
			defaultConfigurationName = Release;
		};
		84004AB320AF3C3100761FB6 /* Build configuration list for PBXNativeTarget "ScholarKidsUITests" */ = {
			isa = XCConfigurationList;
			buildConfigurations = (
				84004AB420AF3C3100761FB6 /* Debug */,
				84004AB520AF3C3100761FB6 /* Release */,
			);
			defaultConfigurationIsVisible = 0;
			defaultConfigurationName = Release;
		};
/* End XCConfigurationList section */
	};
	rootObject = 84004A7720AF3C3100761FB6 /* Project object */;
}
